
Microsoft Visual Studio Solution File, Format Version 12.00
# Visual Studio 2012
Project("{FAE04EC0-301F-11D3-BF4B-00C04F79EFBC}") = "BasicSensorsApi", "BasicSensorsApi\BasicSensorsApi.csproj", "{0AADC66A-53FC-4479-BE7A-AB639925E0A5}"
EndProject
Project("{FAE04EC0-301F-11D3-BF4B-00C04F79EFBC}") = "BasicSensorsApi.UITests", "BasicSensorsApi.UITests\BasicSensorsApi.UITests.csproj", "{117B87C2-BDF4-4802-B028-3E496C188710}"
EndProject
Global
	GlobalSection(SolutionConfigurationPlatforms) = preSolution
		Debug|Any CPU = Debug|Any CPU
		Release|Any CPU = Release|Any CPU
	EndGlobalSection
	GlobalSection(ProjectConfigurationPlatforms) = postSolution
		{0AADC66A-53FC-4479-BE7A-AB639925E0A5}.Debug|Any CPU.ActiveCfg = Debug|Any CPU
		{0AADC66A-53FC-4479-BE7A-AB639925E0A5}.Debug|Any CPU.Build.0 = Debug|Any CPU
		{0AADC66A-53FC-4479-BE7A-AB639925E0A5}.Release|Any CPU.ActiveCfg = Release|Any CPU
		{0AADC66A-53FC-4479-BE7A-AB639925E0A5}.Release|Any CPU.Build.0 = Release|Any CPU
		{117B87C2-BDF4-4802-B028-3E496C188710}.Debug|Any CPU.ActiveCfg = Debug|Any CPU
		{117B87C2-BDF4-4802-B028-3E496C188710}.Debug|Any CPU.Build.0 = Debug|Any CPU
		{117B87C2-BDF4-4802-B028-3E496C188710}.Release|Any CPU.ActiveCfg = Release|Any CPU
		{117B87C2-BDF4-4802-B028-3E496C188710}.Release|Any CPU.Build.0 = Release|Any CPU
	EndGlobalSection
EndGlobal
