
Microsoft Visual Studio Solution File, Format Version 12.00
# Visual Studio Version 16
VisualStudioVersion = 16.0.810.8
MinimumVisualStudioVersion = 10.0.40219.1
Project("{FAE04EC0-301F-11D3-BF4B-00C04F79EFBC}") = "AssetPackSample", "AssetPackSample\AssetPackSample.csproj", "{8893FA07-B109-48C3-86C4-F91216330E1B}"
EndProject
Project("{FAE04EC0-301F-11D3-BF4B-00C04F79EFBC}") = "AssetPackSample.UITests", "AssetPackSample.UITests\AssetPackSample.UITests.csproj", "{2734DDBB-3EDD-4D28-B0D0-D96B59AA3A98}"
EndProject
Project("{FAE04EC0-301F-11D3-BF4B-00C04F79EFBC}") = "InstallTimeAssetPack", "AssetPacks\InstallTimeAssetPack\InstallTimeAssetPack.csproj", "{9FA2C456-22B6-49D8-8003-1E75E84BE85E}"
EndProject
Project("{2150E333-8FDC-42A3-9474-1A3956D46DE8}") = "AssetPacks", "AssetPacks", "{50E93205-1AD2-47DE-A9BE-2A77C56AAF41}"
EndProject
Project("{FAE04EC0-301F-11D3-BF4B-00C04F79EFBC}") = "DynamicAssetPack", "AssetPacks\DynamicAssetPack\DynamicAssetPack.csproj", "{FC715F3F-55B4-4798-9F5E-412B73D963F0}"
EndProject
Global
	GlobalSection(SolutionConfigurationPlatforms) = preSolution
		Debug|Any CPU = Debug|Any CPU
		Release|Any CPU = Release|Any CPU
	EndGlobalSection
	GlobalSection(ProjectConfigurationPlatforms) = postSolution
		{8893FA07-B109-48C3-86C4-F91216330E1B}.Debug|Any CPU.ActiveCfg = Debug|Any CPU
		{8893FA07-B109-48C3-86C4-F91216330E1B}.Debug|Any CPU.Build.0 = Debug|Any CPU
		{8893FA07-B109-48C3-86C4-F91216330E1B}.Release|Any CPU.ActiveCfg = Release|Any CPU
		{8893FA07-B109-48C3-86C4-F91216330E1B}.Release|Any CPU.Build.0 = Release|Any CPU
		{2734DDBB-3EDD-4D28-B0D0-D96B59AA3A98}.Debug|Any CPU.ActiveCfg = Debug|Any CPU
		{2734DDBB-3EDD-4D28-B0D0-D96B59AA3A98}.Debug|Any CPU.Build.0 = Debug|Any CPU
		{2734DDBB-3EDD-4D28-B0D0-D96B59AA3A98}.Release|Any CPU.ActiveCfg = Release|Any CPU
		{2734DDBB-3EDD-4D28-B0D0-D96B59AA3A98}.Release|Any CPU.Build.0 = Release|Any CPU
		{9FA2C456-22B6-49D8-8003-1E75E84BE85E}.Debug|Any CPU.ActiveCfg = Debug|Any CPU
		{9FA2C456-22B6-49D8-8003-1E75E84BE85E}.Debug|Any CPU.Build.0 = Debug|Any CPU
		{9FA2C456-22B6-49D8-8003-1E75E84BE85E}.Release|Any CPU.ActiveCfg = Release|Any CPU
		{9FA2C456-22B6-49D8-8003-1E75E84BE85E}.Release|Any CPU.Build.0 = Release|Any CPU
		{FC715F3F-55B4-4798-9F5E-412B73D963F0}.Debug|Any CPU.ActiveCfg = Debug|Any CPU
		{FC715F3F-55B4-4798-9F5E-412B73D963F0}.Debug|Any CPU.Build.0 = Debug|Any CPU
		{FC715F3F-55B4-4798-9F5E-412B73D963F0}.Release|Any CPU.ActiveCfg = Release|Any CPU
		{FC715F3F-55B4-4798-9F5E-412B73D963F0}.Release|Any CPU.Build.0 = Release|Any CPU
	EndGlobalSection
	GlobalSection(SolutionProperties) = preSolution
		HideSolutionNode = FALSE
	EndGlobalSection
	GlobalSection(ExtensibilityGlobals) = postSolution
		SolutionGuid = {FFAF9CF3-CDE6-46EA-9B9B-82C9E0B65900}
	EndGlobalSection
	GlobalSection(NestedProjects) = preSolution
		{9FA2C456-22B6-49D8-8003-1E75E84BE85E} = {50E93205-1AD2-47DE-A9BE-2A77C56AAF41}
		{FC715F3F-55B4-4798-9F5E-412B73D963F0} = {50E93205-1AD2-47DE-A9BE-2A77C56AAF41}
	EndGlobalSection
EndGlobal
