
Microsoft Visual Studio Solution File, Format Version 12.00
# Visual Studio 15
Project("{FAE04EC0-301F-11D3-BF4B-00C04F79EFBC}") = "VisionImageLabelModelSample", "VisionImageLabelModelSample\VisionImageLabelModelSample.csproj", "{060A759E-BFF0-40D6-A787-97631F2D3FE6}"
EndProject
Global
	GlobalSection(SolutionConfigurationPlatforms) = preSolution
		Debug|Any CPU = Debug|Any CPU
		Release|Any CPU = Release|Any CPU
	EndGlobalSection
	GlobalSection(ProjectConfigurationPlatforms) = postSolution
		{060A759E-BFF0-40D6-A787-97631F2D3FE6}.Debug|Any CPU.ActiveCfg = Debug|Any CPU
		{060A759E-BFF0-40D6-A787-97631F2D3FE6}.Debug|Any CPU.Build.0 = Debug|Any CPU
		{060A759E-BFF0-40D6-A787-97631F2D3FE6}.Release|Any CPU.ActiveCfg = Release|Any CPU
		{060A759E-BFF0-40D6-A787-97631F2D3FE6}.Release|Any CPU.Build.0 = Release|Any CPU
	EndGlobalSection
EndGlobal
