
Microsoft Visual Studio Solution File, Format Version 11.00
# Visual Studio 2010
Project("{2150E333-8FDC-42A3-9474-1A3956D46DE8}") = "Bindings", "Bindings", "{AFB1EDA0-E0D2-4E95-BAEC-9781B046413E}"
EndProject
Project("{FAE04EC0-301F-11D3-BF4B-00C04F79EFBC}") = "Basement", "basement\source\Basement.csproj", "{6A38FACF-F0C5-4A49-8A8A-7CE6634207CE}"
EndProject
Project("{FAE04EC0-301F-11D3-BF4B-00C04F79EFBC}") = "Base", "base\source\Base.csproj", "{3F6BAE25-ADEB-468C-8384-AD655623C341}"
EndProject
Project("{FAE04EC0-301F-11D3-BF4B-00C04F79EFBC}") = "AppState", "appstate\source\AppState.csproj", "{8B84EE13-119C-41EB-98E8-E42D3ECD0DFD}"
EndProject
Project("{FAE04EC0-301F-11D3-BF4B-00C04F79EFBC}") = "Identity", "identity\source\Identity.csproj", "{09362350-BB7F-4B4C-83B5-97F5C439B649}"
EndProject
Project("{FAE04EC0-301F-11D3-BF4B-00C04F79EFBC}") = "Gcm", "gcm\source\Gcm.csproj", "{1CE82D7E-9EA1-435F-AF8C-5E07AB917617}"
EndProject
Project("{FAE04EC0-301F-11D3-BF4B-00C04F79EFBC}") = "Measurement", "measurement\source\Measurement.csproj", "{5C4C77A3-4523-4E2B-895B-6EFE4A6A1617}"
EndProject
Project("{FAE04EC0-301F-11D3-BF4B-00C04F79EFBC}") = "Analytics", "analytics\source\Analytics.csproj", "{EA04524D-2A97-4ED0-AD74-21F8C30DF4A5}"
EndProject
Project("{FAE04EC0-301F-11D3-BF4B-00C04F79EFBC}") = "AppIndexing", "appindexing\source\AppIndexing.csproj", "{A069B942-EE12-4283-8C4C-F46549D3978A}"
EndProject
Project("{FAE04EC0-301F-11D3-BF4B-00C04F79EFBC}") = "AppInvite", "appinvite\source\AppInvite.csproj", "{A069B942-EE12-4283-9C4C-F46549D3978A}"
EndProject
Project("{FAE04EC0-301F-11D3-BF4B-00C04F79EFBC}") = "Auth", "auth\source\Auth.csproj", "{A0CDF507-32B7-4994-8248-94FAB8646E35}"
EndProject
Project("{FAE04EC0-301F-11D3-BF4B-00C04F79EFBC}") = "Cast", "cast\source\Cast.csproj", "{C1A9C587-B744-44D2-AD42-14386D424667}"
EndProject
Project("{FAE04EC0-301F-11D3-BF4B-00C04F79EFBC}") = "Drive", "drive\source\Drive.csproj", "{8BAFA1ED-B5D9-49ED-A553-E557D2A0357F}"
EndProject
Project("{FAE04EC0-301F-11D3-BF4B-00C04F79EFBC}") = "Fitness", "fitness\source\Fitness.csproj", "{8900C5EF-1182-4E8B-88FE-596EC2DB379D}"
EndProject
Project("{FAE04EC0-301F-11D3-BF4B-00C04F79EFBC}") = "Location", "location\source\Location.csproj", "{F666DC89-9CE4-491C-8450-6FBC70298FA3}"
EndProject
Project("{FAE04EC0-301F-11D3-BF4B-00C04F79EFBC}") = "Maps", "maps\source\Maps.csproj", "{7CB92D61-E2FF-472A-9FDF-7E42D15B3EE6}"
EndProject
Project("{FAE04EC0-301F-11D3-BF4B-00C04F79EFBC}") = "Games", "games\source\Games.csproj", "{5DF42846-151E-40CD-A349-C0A0C6216F7B}"
EndProject
Project("{FAE04EC0-301F-11D3-BF4B-00C04F79EFBC}") = "Nearby", "nearby\source\Nearby.csproj", "{A7ADD277-FCAB-46D5-8F18-2E4BFFDA3AE7}"
EndProject
Project("{FAE04EC0-301F-11D3-BF4B-00C04F79EFBC}") = "Panorama", "panorama\source\Panorama.csproj", "{9E3CD219-C950-4AA9-88E5-818F42C12566}"
EndProject
Project("{FAE04EC0-301F-11D3-BF4B-00C04F79EFBC}") = "Plus", "plus\source\Plus.csproj", "{A2B43C02-A237-4222-999E-3354CBB6DB8D}"
EndProject
Project("{FAE04EC0-301F-11D3-BF4B-00C04F79EFBC}") = "SafetyNet", "safetynet\source\SafetyNet.csproj", "{7A015585-036A-4BD1-8D46-A669EFA89743}"
EndProject
Project("{FAE04EC0-301F-11D3-BF4B-00C04F79EFBC}") = "SupportWearable", "support-wearable\source\SupportWearable.csproj", "{7DD8E926-9F75-4F25-95A3-920A5FF48EF8}"
EndProject
Project("{FAE04EC0-301F-11D3-BF4B-00C04F79EFBC}") = "Vision", "vision\source\Vision.csproj", "{72CC5E29-5EA5-40E3-98E4-87ED8AB75589}"
EndProject
Project("{FAE04EC0-301F-11D3-BF4B-00C04F79EFBC}") = "Wallet", "wallet\source\Wallet.csproj", "{7AF74235-AEE2-4F3A-AEDB-7504ED93DDC0}"
EndProject
Project("{FAE04EC0-301F-11D3-BF4B-00C04F79EFBC}") = "Wearable", "wearable\source\Wearable.csproj", "{92BDA198-6A78-4408-844C-CAAF4C04EAFD}"
EndProject
Project("{FAE04EC0-301F-11D3-BF4B-00C04F79EFBC}") = "Ads", "ads\source\Ads.csproj", "{CC4E534D-4992-4FBB-9528-A071EDDEA7E7}"
EndProject
Project("{FAE04EC0-301F-11D3-BF4B-00C04F79EFBC}") = "Basement-BuildTasks", "basement\buildtasks\Basement-BuildTasks.csproj", "{21D99A15-AB98-4691-A45B-D236B2A91DEB}"
EndProject
Project("{FAE04EC0-301F-11D3-BF4B-00C04F79EFBC}") = "GpsBuildAll", "all\samples\GpsBuildAll\GpsBuildAll.csproj", "{A9BE4750-6DFD-412E-B998-26B725911CF3}"
EndProject
Global
	GlobalSection(SolutionConfigurationPlatforms) = preSolution
		Debug|Any CPU = Debug|Any CPU
		Release|Any CPU = Release|Any CPU
	EndGlobalSection
	GlobalSection(ProjectConfigurationPlatforms) = postSolution
		{09362350-BB7F-4B4C-83B5-97F5C439B649}.Debug|Any CPU.ActiveCfg = Debug|Any CPU
		{09362350-BB7F-4B4C-83B5-97F5C439B649}.Debug|Any CPU.Build.0 = Debug|Any CPU
		{09362350-BB7F-4B4C-83B5-97F5C439B649}.Release|Any CPU.ActiveCfg = Release|Any CPU
		{09362350-BB7F-4B4C-83B5-97F5C439B649}.Release|Any CPU.Build.0 = Release|Any CPU
		{1CE82D7E-9EA1-435F-AF8C-5E07AB917617}.Debug|Any CPU.ActiveCfg = Debug|Any CPU
		{1CE82D7E-9EA1-435F-AF8C-5E07AB917617}.Debug|Any CPU.Build.0 = Debug|Any CPU
		{1CE82D7E-9EA1-435F-AF8C-5E07AB917617}.Release|Any CPU.ActiveCfg = Release|Any CPU
		{1CE82D7E-9EA1-435F-AF8C-5E07AB917617}.Release|Any CPU.Build.0 = Release|Any CPU
		{21D99A15-AB98-4691-A45B-D236B2A91DEB}.Debug|Any CPU.ActiveCfg = Debug|Any CPU
		{21D99A15-AB98-4691-A45B-D236B2A91DEB}.Debug|Any CPU.Build.0 = Debug|Any CPU
		{21D99A15-AB98-4691-A45B-D236B2A91DEB}.Release|Any CPU.ActiveCfg = Release|Any CPU
		{21D99A15-AB98-4691-A45B-D236B2A91DEB}.Release|Any CPU.Build.0 = Release|Any CPU
		{3F6BAE25-ADEB-468C-8384-AD655623C341}.Debug|Any CPU.ActiveCfg = Debug|Any CPU
		{3F6BAE25-ADEB-468C-8384-AD655623C341}.Debug|Any CPU.Build.0 = Debug|Any CPU
		{3F6BAE25-ADEB-468C-8384-AD655623C341}.Release|Any CPU.ActiveCfg = Release|Any CPU
		{3F6BAE25-ADEB-468C-8384-AD655623C341}.Release|Any CPU.Build.0 = Release|Any CPU
		{5C4C77A3-4523-4E2B-895B-6EFE4A6A1617}.Debug|Any CPU.ActiveCfg = Debug|Any CPU
		{5C4C77A3-4523-4E2B-895B-6EFE4A6A1617}.Debug|Any CPU.Build.0 = Debug|Any CPU
		{5C4C77A3-4523-4E2B-895B-6EFE4A6A1617}.Release|Any CPU.ActiveCfg = Release|Any CPU
		{5C4C77A3-4523-4E2B-895B-6EFE4A6A1617}.Release|Any CPU.Build.0 = Release|Any CPU
		{5DF42846-151E-40CD-A349-C0A0C6216F7B}.Debug|Any CPU.ActiveCfg = Debug|Any CPU
		{5DF42846-151E-40CD-A349-C0A0C6216F7B}.Debug|Any CPU.Build.0 = Debug|Any CPU
		{5DF42846-151E-40CD-A349-C0A0C6216F7B}.Release|Any CPU.ActiveCfg = Release|Any CPU
		{5DF42846-151E-40CD-A349-C0A0C6216F7B}.Release|Any CPU.Build.0 = Release|Any CPU
		{6A38FACF-F0C5-4A49-8A8A-7CE6634207CE}.Debug|Any CPU.ActiveCfg = Debug|Any CPU
		{6A38FACF-F0C5-4A49-8A8A-7CE6634207CE}.Debug|Any CPU.Build.0 = Debug|Any CPU
		{6A38FACF-F0C5-4A49-8A8A-7CE6634207CE}.Release|Any CPU.ActiveCfg = Release|Any CPU
		{6A38FACF-F0C5-4A49-8A8A-7CE6634207CE}.Release|Any CPU.Build.0 = Release|Any CPU
		{72CC5E29-5EA5-40E3-98E4-87ED8AB75589}.Debug|Any CPU.ActiveCfg = Debug|Any CPU
		{72CC5E29-5EA5-40E3-98E4-87ED8AB75589}.Debug|Any CPU.Build.0 = Debug|Any CPU
		{72CC5E29-5EA5-40E3-98E4-87ED8AB75589}.Release|Any CPU.ActiveCfg = Release|Any CPU
		{72CC5E29-5EA5-40E3-98E4-87ED8AB75589}.Release|Any CPU.Build.0 = Release|Any CPU
		{7A015585-036A-4BD1-8D46-A669EFA89743}.Debug|Any CPU.ActiveCfg = Debug|Any CPU
		{7A015585-036A-4BD1-8D46-A669EFA89743}.Debug|Any CPU.Build.0 = Debug|Any CPU
		{7A015585-036A-4BD1-8D46-A669EFA89743}.Release|Any CPU.ActiveCfg = Release|Any CPU
		{7A015585-036A-4BD1-8D46-A669EFA89743}.Release|Any CPU.Build.0 = Release|Any CPU
		{7AF74235-AEE2-4F3A-AEDB-7504ED93DDC0}.Debug|Any CPU.ActiveCfg = Debug|Any CPU
		{7AF74235-AEE2-4F3A-AEDB-7504ED93DDC0}.Debug|Any CPU.Build.0 = Debug|Any CPU
		{7AF74235-AEE2-4F3A-AEDB-7504ED93DDC0}.Release|Any CPU.ActiveCfg = Release|Any CPU
		{7AF74235-AEE2-4F3A-AEDB-7504ED93DDC0}.Release|Any CPU.Build.0 = Release|Any CPU
		{7CB92D61-E2FF-472A-9FDF-7E42D15B3EE6}.Debug|Any CPU.ActiveCfg = Debug|Any CPU
		{7CB92D61-E2FF-472A-9FDF-7E42D15B3EE6}.Debug|Any CPU.Build.0 = Debug|Any CPU
		{7CB92D61-E2FF-472A-9FDF-7E42D15B3EE6}.Release|Any CPU.ActiveCfg = Release|Any CPU
		{7CB92D61-E2FF-472A-9FDF-7E42D15B3EE6}.Release|Any CPU.Build.0 = Release|Any CPU
		{7DD8E926-9F75-4F25-95A3-920A5FF48EF8}.Debug|Any CPU.ActiveCfg = Debug|Any CPU
		{7DD8E926-9F75-4F25-95A3-920A5FF48EF8}.Debug|Any CPU.Build.0 = Debug|Any CPU
		{7DD8E926-9F75-4F25-95A3-920A5FF48EF8}.Release|Any CPU.ActiveCfg = Release|Any CPU
		{7DD8E926-9F75-4F25-95A3-920A5FF48EF8}.Release|Any CPU.Build.0 = Release|Any CPU
		{8900C5EF-1182-4E8B-88FE-596EC2DB379D}.Debug|Any CPU.ActiveCfg = Debug|Any CPU
		{8900C5EF-1182-4E8B-88FE-596EC2DB379D}.Debug|Any CPU.Build.0 = Debug|Any CPU
		{8900C5EF-1182-4E8B-88FE-596EC2DB379D}.Release|Any CPU.ActiveCfg = Release|Any CPU
		{8900C5EF-1182-4E8B-88FE-596EC2DB379D}.Release|Any CPU.Build.0 = Release|Any CPU
		{8B84EE13-119C-41EB-98E8-E42D3ECD0DFD}.Debug|Any CPU.ActiveCfg = Debug|Any CPU
		{8B84EE13-119C-41EB-98E8-E42D3ECD0DFD}.Debug|Any CPU.Build.0 = Debug|Any CPU
		{8B84EE13-119C-41EB-98E8-E42D3ECD0DFD}.Release|Any CPU.ActiveCfg = Release|Any CPU
		{8B84EE13-119C-41EB-98E8-E42D3ECD0DFD}.Release|Any CPU.Build.0 = Release|Any CPU
		{8BAFA1ED-B5D9-49ED-A553-E557D2A0357F}.Debug|Any CPU.ActiveCfg = Debug|Any CPU
		{8BAFA1ED-B5D9-49ED-A553-E557D2A0357F}.Debug|Any CPU.Build.0 = Debug|Any CPU
		{8BAFA1ED-B5D9-49ED-A553-E557D2A0357F}.Release|Any CPU.ActiveCfg = Release|Any CPU
		{8BAFA1ED-B5D9-49ED-A553-E557D2A0357F}.Release|Any CPU.Build.0 = Release|Any CPU
		{92BDA198-6A78-4408-844C-CAAF4C04EAFD}.Debug|Any CPU.ActiveCfg = Debug|Any CPU
		{92BDA198-6A78-4408-844C-CAAF4C04EAFD}.Debug|Any CPU.Build.0 = Debug|Any CPU
		{92BDA198-6A78-4408-844C-CAAF4C04EAFD}.Release|Any CPU.ActiveCfg = Release|Any CPU
		{92BDA198-6A78-4408-844C-CAAF4C04EAFD}.Release|Any CPU.Build.0 = Release|Any CPU
		{9E3CD219-C950-4AA9-88E5-818F42C12566}.Debug|Any CPU.ActiveCfg = Debug|Any CPU
		{9E3CD219-C950-4AA9-88E5-818F42C12566}.Debug|Any CPU.Build.0 = Debug|Any CPU
		{9E3CD219-C950-4AA9-88E5-818F42C12566}.Release|Any CPU.ActiveCfg = Release|Any CPU
		{9E3CD219-C950-4AA9-88E5-818F42C12566}.Release|Any CPU.Build.0 = Release|Any CPU
		{A069B942-EE12-4283-8C4C-F46549D3978A}.Debug|Any CPU.ActiveCfg = Debug|Any CPU
		{A069B942-EE12-4283-8C4C-F46549D3978A}.Debug|Any CPU.Build.0 = Debug|Any CPU
		{A069B942-EE12-4283-8C4C-F46549D3978A}.Release|Any CPU.ActiveCfg = Release|Any CPU
		{A069B942-EE12-4283-8C4C-F46549D3978A}.Release|Any CPU.Build.0 = Release|Any CPU
		{A069B942-EE12-4283-9C4C-F46549D3978A}.Debug|Any CPU.ActiveCfg = Debug|Any CPU
		{A069B942-EE12-4283-9C4C-F46549D3978A}.Debug|Any CPU.Build.0 = Debug|Any CPU
		{A069B942-EE12-4283-9C4C-F46549D3978A}.Release|Any CPU.ActiveCfg = Release|Any CPU
		{A069B942-EE12-4283-9C4C-F46549D3978A}.Release|Any CPU.Build.0 = Release|Any CPU
		{A0CDF507-32B7-4994-8248-94FAB8646E35}.Debug|Any CPU.ActiveCfg = Debug|Any CPU
		{A0CDF507-32B7-4994-8248-94FAB8646E35}.Debug|Any CPU.Build.0 = Debug|Any CPU
		{A0CDF507-32B7-4994-8248-94FAB8646E35}.Release|Any CPU.ActiveCfg = Release|Any CPU
		{A0CDF507-32B7-4994-8248-94FAB8646E35}.Release|Any CPU.Build.0 = Release|Any CPU
		{A2B43C02-A237-4222-999E-3354CBB6DB8D}.Debug|Any CPU.ActiveCfg = Debug|Any CPU
		{A2B43C02-A237-4222-999E-3354CBB6DB8D}.Debug|Any CPU.Build.0 = Debug|Any CPU
		{A2B43C02-A237-4222-999E-3354CBB6DB8D}.Release|Any CPU.ActiveCfg = Release|Any CPU
		{A2B43C02-A237-4222-999E-3354CBB6DB8D}.Release|Any CPU.Build.0 = Release|Any CPU
		{A7ADD277-FCAB-46D5-8F18-2E4BFFDA3AE7}.Debug|Any CPU.ActiveCfg = Debug|Any CPU
		{A7ADD277-FCAB-46D5-8F18-2E4BFFDA3AE7}.Debug|Any CPU.Build.0 = Debug|Any CPU
		{A7ADD277-FCAB-46D5-8F18-2E4BFFDA3AE7}.Release|Any CPU.ActiveCfg = Release|Any CPU
		{A7ADD277-FCAB-46D5-8F18-2E4BFFDA3AE7}.Release|Any CPU.Build.0 = Release|Any CPU
		{A9BE4750-6DFD-412E-B998-26B725911CF3}.Debug|Any CPU.ActiveCfg = Debug|Any CPU
		{A9BE4750-6DFD-412E-B998-26B725911CF3}.Debug|Any CPU.Build.0 = Debug|Any CPU
		{A9BE4750-6DFD-412E-B998-26B725911CF3}.Release|Any CPU.ActiveCfg = Release|Any CPU
		{A9BE4750-6DFD-412E-B998-26B725911CF3}.Release|Any CPU.Build.0 = Release|Any CPU
		{C1A9C587-B744-44D2-AD42-14386D424667}.Debug|Any CPU.ActiveCfg = Debug|Any CPU
		{C1A9C587-B744-44D2-AD42-14386D424667}.Debug|Any CPU.Build.0 = Debug|Any CPU
		{C1A9C587-B744-44D2-AD42-14386D424667}.Release|Any CPU.ActiveCfg = Release|Any CPU
		{C1A9C587-B744-44D2-AD42-14386D424667}.Release|Any CPU.Build.0 = Release|Any CPU
		{CC4E534D-4992-4FBB-9528-A071EDDEA7E7}.Debug|Any CPU.ActiveCfg = Debug|Any CPU
		{CC4E534D-4992-4FBB-9528-A071EDDEA7E7}.Debug|Any CPU.Build.0 = Debug|Any CPU
		{CC4E534D-4992-4FBB-9528-A071EDDEA7E7}.Release|Any CPU.ActiveCfg = Release|Any CPU
		{CC4E534D-4992-4FBB-9528-A071EDDEA7E7}.Release|Any CPU.Build.0 = Release|Any CPU
		{EA04524D-2A97-4ED0-AD74-21F8C30DF4A5}.Debug|Any CPU.ActiveCfg = Debug|Any CPU
		{EA04524D-2A97-4ED0-AD74-21F8C30DF4A5}.Debug|Any CPU.Build.0 = Debug|Any CPU
		{EA04524D-2A97-4ED0-AD74-21F8C30DF4A5}.Release|Any CPU.ActiveCfg = Release|Any CPU
		{EA04524D-2A97-4ED0-AD74-21F8C30DF4A5}.Release|Any CPU.Build.0 = Release|Any CPU
		{F666DC89-9CE4-491C-8450-6FBC70298FA3}.Debug|Any CPU.ActiveCfg = Debug|Any CPU
		{F666DC89-9CE4-491C-8450-6FBC70298FA3}.Debug|Any CPU.Build.0 = Debug|Any CPU
		{F666DC89-9CE4-491C-8450-6FBC70298FA3}.Release|Any CPU.ActiveCfg = Release|Any CPU
		{F666DC89-9CE4-491C-8450-6FBC70298FA3}.Release|Any CPU.Build.0 = Release|Any CPU
	EndGlobalSection
	GlobalSection(NestedProjects) = preSolution
		{6A38FACF-F0C5-4A49-8A8A-7CE6634207CE} = {AFB1EDA0-E0D2-4E95-BAEC-9781B046413E}
		{3F6BAE25-ADEB-468C-8384-AD655623C341} = {AFB1EDA0-E0D2-4E95-BAEC-9781B046413E}
		{8B84EE13-119C-41EB-98E8-E42D3ECD0DFD} = {AFB1EDA0-E0D2-4E95-BAEC-9781B046413E}
		{09362350-BB7F-4B4C-83B5-97F5C439B649} = {AFB1EDA0-E0D2-4E95-BAEC-9781B046413E}
		{1CE82D7E-9EA1-435F-AF8C-5E07AB917617} = {AFB1EDA0-E0D2-4E95-BAEC-9781B046413E}
		{5C4C77A3-4523-4E2B-895B-6EFE4A6A1617} = {AFB1EDA0-E0D2-4E95-BAEC-9781B046413E}
		{EA04524D-2A97-4ED0-AD74-21F8C30DF4A5} = {AFB1EDA0-E0D2-4E95-BAEC-9781B046413E}
		{A069B942-EE12-4283-8C4C-F46549D3978A} = {AFB1EDA0-E0D2-4E95-BAEC-9781B046413E}
		{A069B942-EE12-4283-9C4C-F46549D3978A} = {AFB1EDA0-E0D2-4E95-BAEC-9781B046413E}
		{A0CDF507-32B7-4994-8248-94FAB8646E35} = {AFB1EDA0-E0D2-4E95-BAEC-9781B046413E}
		{C1A9C587-B744-44D2-AD42-14386D424667} = {AFB1EDA0-E0D2-4E95-BAEC-9781B046413E}
		{8BAFA1ED-B5D9-49ED-A553-E557D2A0357F} = {AFB1EDA0-E0D2-4E95-BAEC-9781B046413E}
		{8900C5EF-1182-4E8B-88FE-596EC2DB379D} = {AFB1EDA0-E0D2-4E95-BAEC-9781B046413E}
		{F666DC89-9CE4-491C-8450-6FBC70298FA3} = {AFB1EDA0-E0D2-4E95-BAEC-9781B046413E}
		{7CB92D61-E2FF-472A-9FDF-7E42D15B3EE6} = {AFB1EDA0-E0D2-4E95-BAEC-9781B046413E}
		{5DF42846-151E-40CD-A349-C0A0C6216F7B} = {AFB1EDA0-E0D2-4E95-BAEC-9781B046413E}
		{A7ADD277-FCAB-46D5-8F18-2E4BFFDA3AE7} = {AFB1EDA0-E0D2-4E95-BAEC-9781B046413E}
		{9E3CD219-C950-4AA9-88E5-818F42C12566} = {AFB1EDA0-E0D2-4E95-BAEC-9781B046413E}
		{A2B43C02-A237-4222-999E-3354CBB6DB8D} = {AFB1EDA0-E0D2-4E95-BAEC-9781B046413E}
		{7A015585-036A-4BD1-8D46-A669EFA89743} = {AFB1EDA0-E0D2-4E95-BAEC-9781B046413E}
		{7DD8E926-9F75-4F25-95A3-920A5FF48EF8} = {AFB1EDA0-E0D2-4E95-BAEC-9781B046413E}
		{72CC5E29-5EA5-40E3-98E4-87ED8AB75589} = {AFB1EDA0-E0D2-4E95-BAEC-9781B046413E}
		{7AF74235-AEE2-4F3A-AEDB-7504ED93DDC0} = {AFB1EDA0-E0D2-4E95-BAEC-9781B046413E}
		{92BDA198-6A78-4408-844C-CAAF4C04EAFD} = {AFB1EDA0-E0D2-4E95-BAEC-9781B046413E}
		{CC4E534D-4992-4FBB-9528-A071EDDEA7E7} = {AFB1EDA0-E0D2-4E95-BAEC-9781B046413E}
		{21D99A15-AB98-4691-A45B-D236B2A91DEB} = {AFB1EDA0-E0D2-4E95-BAEC-9781B046413E}
	EndGlobalSection
EndGlobal
