
Microsoft Visual Studio Solution File, Format Version 11.00
# Visual Studio 2010
Project("{2150E333-8FDC-42A3-9474-1A3956D46DE8}") = "PlayServices", "PlayServices", "{AFB1EDA0-E0D2-4E95-BAEC-9781B046413E}"
EndProject
Project("{FAE04EC0-301F-11D3-BF4B-00C04F79EFBC}") = "Basement", "basement\source\Basement.csproj", "{6A38FACF-F0C5-4A49-8A8A-7CE6634207CE}"
EndProject
Project("{FAE04EC0-301F-11D3-BF4B-00C04F79EFBC}") = "Base", "base\source\Base.csproj", "{3F6BAE25-ADEB-468C-8384-AD655623C341}"
EndProject
Project("{FAE04EC0-301F-11D3-BF4B-00C04F79EFBC}") = "Identity", "identity\source\Identity.csproj", "{09362350-BB7F-4B4C-83B5-97F5C439B649}"
EndProject
Project("{FAE04EC0-301F-11D3-BF4B-00C04F79EFBC}") = "Gcm", "gcm\source\Gcm.csproj", "{1CE82D7E-9EA1-435F-AF8C-5E07AB917617}"
EndProject
Project("{FAE04EC0-301F-11D3-BF4B-00C04F79EFBC}") = "Analytics", "analytics\source\Analytics.csproj", "{EA04524D-2A97-4ED0-AD74-21F8C30DF4A5}"
EndProject
Project("{FAE04EC0-301F-11D3-BF4B-00C04F79EFBC}") = "AppInvite", "appinvite\source\AppInvite.csproj", "{A069B942-EE12-4283-9C4C-F46549D3978A}"
EndProject
Project("{FAE04EC0-301F-11D3-BF4B-00C04F79EFBC}") = "Auth", "auth\source\Auth.csproj", "{A0CDF507-32B7-4994-8248-94FAB8646E35}"
EndProject
Project("{FAE04EC0-301F-11D3-BF4B-00C04F79EFBC}") = "Cast", "cast\source\Cast.csproj", "{C1A9C587-B744-44D2-AD42-14386D424667}"
EndProject
Project("{FAE04EC0-301F-11D3-BF4B-00C04F79EFBC}") = "Drive", "drive\source\Drive.csproj", "{8BAFA1ED-B5D9-49ED-A553-E557D2A0357F}"
EndProject
Project("{FAE04EC0-301F-11D3-BF4B-00C04F79EFBC}") = "Location", "location\source\Location.csproj", "{F666DC89-9CE4-491C-8450-6FBC70298FA3}"
EndProject
Project("{FAE04EC0-301F-11D3-BF4B-00C04F79EFBC}") = "Maps", "maps\source\Maps.csproj", "{7CB92D61-E2FF-472A-9FDF-7E42D15B3EE6}"
EndProject
Project("{FAE04EC0-301F-11D3-BF4B-00C04F79EFBC}") = "Games", "games\source\Games.csproj", "{5DF42846-151E-40CD-A349-C0A0C6216F7B}"
EndProject
Project("{FAE04EC0-301F-11D3-BF4B-00C04F79EFBC}") = "Nearby", "nearby\source\Nearby.csproj", "{A7ADD277-FCAB-46D5-8F18-2E4BFFDA3AE7}"
EndProject
Project("{FAE04EC0-301F-11D3-BF4B-00C04F79EFBC}") = "Panorama", "panorama\source\Panorama.csproj", "{9E3CD219-C950-4AA9-88E5-818F42C12566}"
EndProject
Project("{FAE04EC0-301F-11D3-BF4B-00C04F79EFBC}") = "Plus", "plus\source\Plus.csproj", "{A2B43C02-A237-4222-999E-3354CBB6DB8D}"
EndProject
Project("{FAE04EC0-301F-11D3-BF4B-00C04F79EFBC}") = "SafetyNet", "safetynet\source\SafetyNet.csproj", "{7A015585-036A-4BD1-8D46-A669EFA89743}"
EndProject
Project("{FAE04EC0-301F-11D3-BF4B-00C04F79EFBC}") = "Vision", "vision\source\Vision.csproj", "{72CC5E29-5EA5-40E3-98E4-87ED8AB75589}"
EndProject
Project("{FAE04EC0-301F-11D3-BF4B-00C04F79EFBC}") = "Wallet", "wallet\source\Wallet.csproj", "{7AF74235-AEE2-4F3A-AEDB-7504ED93DDC0}"
EndProject
Project("{FAE04EC0-301F-11D3-BF4B-00C04F79EFBC}") = "Wearable", "wearable\source\Wearable.csproj", "{92BDA198-6A78-4408-844C-CAAF4C04EAFD}"
EndProject
Project("{FAE04EC0-301F-11D3-BF4B-00C04F79EFBC}") = "Ads", "ads\source\Ads.csproj", "{CC4E534D-4992-4FBB-9528-A071EDDEA7E7}"
EndProject
Project("{FAE04EC0-301F-11D3-BF4B-00C04F79EFBC}") = "Tasks", "tasks\source\Tasks.csproj", "{53F87D88-8871-41A2-9F81-B79AB02FEC24}"
EndProject
Project("{FAE04EC0-301F-11D3-BF4B-00C04F79EFBC}") = "Auth.Base", "auth-base\source\Auth.Base.csproj", "{B04C50F7-B0CC-4170-8820-9D584E1C0ED3}"
EndProject
Project("{FAE04EC0-301F-11D3-BF4B-00C04F79EFBC}") = "Analytics.Impl", "analytics-impl\source\Analytics.Impl.csproj", "{7893F52D-09B9-4441-AC47-6F7875BD68BC}"
EndProject
Project("{FAE04EC0-301F-11D3-BF4B-00C04F79EFBC}") = "Iid", "iid\source\Iid.csproj", "{9F7F996D-AF44-4947-8392-07B3ED2ED00D}"
EndProject
Project("{FAE04EC0-301F-11D3-BF4B-00C04F79EFBC}") = "TagManager", "tagmanager\source\TagManager.csproj", "{2EA64B09-174C-40D0-9A40-44C2BF10C9D4}"
EndProject
Project("{FAE04EC0-301F-11D3-BF4B-00C04F79EFBC}") = "TagManager.Api", "tagmanager-api\source\TagManager.Api.csproj", "{B94069F7-2BD5-4695-B7B7-EBAA1C496DD9}"
EndProject
Project("{2150E333-8FDC-42A3-9474-1A3956D46DE8}") = "Firebase", "Firebase", "{1EC5651F-83A6-4862-AED2-6BE5103652D0}"
EndProject
Project("{FAE04EC0-301F-11D3-BF4B-00C04F79EFBC}") = "Firebase-Common", "firebase-common\source\Firebase-Common.csproj", "{865652D3-8D1A-4779-92FC-4C54719286B7}"
EndProject
Project("{FAE04EC0-301F-11D3-BF4B-00C04F79EFBC}") = "Firebase-Analytics", "firebase-analytics\source\Firebase-Analytics.csproj", "{DC5BEB52-1715-4E53-88EF-2D4F1708E394}"
EndProject
Project("{FAE04EC0-301F-11D3-BF4B-00C04F79EFBC}") = "Firebase-Iid", "firebase-iid\source\Firebase-Iid.csproj", "{B28F65D1-D8DD-45E8-9DD7-74A3BE40B4CE}"
EndProject
Project("{FAE04EC0-301F-11D3-BF4B-00C04F79EFBC}") = "Firebase-Analytics-Impl", "firebase-analytics-impl\source\Firebase-Analytics-Impl.csproj", "{CFB0A03A-F787-4EE9-9EA6-8A2A65E82704}"
EndProject
Project("{FAE04EC0-301F-11D3-BF4B-00C04F79EFBC}") = "Firebase-Config", "firebase-config\source\Firebase-Config.csproj", "{00F7A18F-D2C4-4014-8E4C-552A0A0B0967}"
EndProject
Project("{FAE04EC0-301F-11D3-BF4B-00C04F79EFBC}") = "Firebase-Crash", "firebase-crash\source\Firebase-Crash.csproj", "{7076C84E-08AE-404B-8F3C-8F66010FA1B1}"
EndProject
Project("{FAE04EC0-301F-11D3-BF4B-00C04F79EFBC}") = "Firebase-Auth", "firebase-auth\source\Firebase-Auth.csproj", "{62946D89-B6B1-4A38-A04D-C20912087EFD}"
EndProject
Project("{FAE04EC0-301F-11D3-BF4B-00C04F79EFBC}") = "Firebase-Database-Connection", "firebase-database-connection\source\Firebase-Database-Connection.csproj", "{2858C3DB-1E15-4D12-AF09-02CFD624ADD4}"
EndProject
Project("{FAE04EC0-301F-11D3-BF4B-00C04F79EFBC}") = "Firebase-Database", "firebase-database\source\Firebase-Database.csproj", "{B02737A0-890C-4921-83A5-D77CFB8A6899}"
EndProject
Project("{FAE04EC0-301F-11D3-BF4B-00C04F79EFBC}") = "Firebase-Messaging", "firebase-messaging\source\Firebase-Messaging.csproj", "{2E333450-68BD-48C5-9540-CFA7A053DCA1}"
EndProject
Project("{FAE04EC0-301F-11D3-BF4B-00C04F79EFBC}") = "Firebase-Storage-Common", "firebase-storage-common\source\Firebase-Storage-Common.csproj", "{C360116C-0ED5-4E59-A974-E95F874B4398}"
EndProject
Project("{FAE04EC0-301F-11D3-BF4B-00C04F79EFBC}") = "Firebase-Storage", "firebase-storage\source\Firebase-Storage.csproj", "{423414D9-6CB8-4AFF-8317-66AD03B6056D}"
EndProject
Project("{2150E333-8FDC-42A3-9474-1A3956D46DE8}") = "BuildTasks", "BuildTasks", "{3330092C-6EB0-4AB6-9901-2F4070E2FD81}"
EndProject
Project("{FAE04EC0-301F-11D3-BF4B-00C04F79EFBC}") = "Basement-BuildTasks", "basement\buildtasks\Basement-BuildTasks.csproj", "{21D99A15-AB98-4691-A45B-D236B2A91DEB}"
EndProject
Project("{FAE04EC0-301F-11D3-BF4B-00C04F79EFBC}") = "Basement.BuildTasks.Tests", "basement\buildtasks.tests\Basement.BuildTasks.Tests.csproj", "{76CDBE93-0177-4980-8514-C4D785E1DC78}"
EndProject
Project("{FAE04EC0-301F-11D3-BF4B-00C04F79EFBC}") = "Cast.Framework", "cast-framework\source\Cast.Framework.csproj", "{159A8C21-0A5B-4D99-9E07-6466F8E98AF7}"
EndProject
Project("{FAE04EC0-301F-11D3-BF4B-00C04F79EFBC}") = "Gass", "gass\source\Gass.csproj", "{D705BF83-81FD-4CD9-AF3B-09C50FF42C83}"
EndProject
Project("{FAE04EC0-301F-11D3-BF4B-00C04F79EFBC}") = "Places", "places\source\Places.csproj", "{D42D621B-0370-44F6-A58E-0749629F9F4D}"
EndProject
Project("{FAE04EC0-301F-11D3-BF4B-00C04F79EFBC}") = "Awareness", "awareness\source\Awareness.csproj", "{541FC839-6065-4681-B6A4-C3BF358F78E9}"
EndProject
Project("{FAE04EC0-301F-11D3-BF4B-00C04F79EFBC}") = "InstantApps", "instantapps\source\InstantApps.csproj", "{D7F811D2-C5E2-45BB-B7AB-88F7941A24B7}"
EndProject
Project("{FAE04EC0-301F-11D3-BF4B-00C04F79EFBC}") = "TagManager.V4.Impl", "tagmanager-v4-impl\source\TagManager.V4.Impl.csproj", "{ED50788D-0553-48A2-A47A-6AD1C9DF41BE}"
EndProject
Project("{FAE04EC0-301F-11D3-BF4B-00C04F79EFBC}") = "Firebase-AppIndexing", "firebase-appindexing\source\Firebase-AppIndexing.csproj", "{8D01CC30-64F5-4AD3-B9C8-0970B0F1D562}"
EndProject
Project("{FAE04EC0-301F-11D3-BF4B-00C04F79EFBC}") = "Firebase-Dynamic-Links", "firebase-dynamic-links\source\Firebase-Dynamic-Links.csproj", "{9FB742FE-1645-4A5B-B41B-2F0BBBE7F2BE}"
EndProject
Project("{FAE04EC0-301F-11D3-BF4B-00C04F79EFBC}") = "Firebase-Perf", "firebase-perf\source\Firebase-Perf.csproj", "{2233FF89-3CDD-4FA5-844E-A43EDAE8463F}"
EndProject
Project("{FAE04EC0-301F-11D3-BF4B-00C04F79EFBC}") = "Auth.Api.Phone", "auth-api-phone\source\Auth.Api.Phone.csproj", "{B797EA6B-9566-4980-9665-F808C953B24D}"
EndProject
Project("{FAE04EC0-301F-11D3-BF4B-00C04F79EFBC}") = "Oss-Licenses", "oss-licenses\source\Oss-Licenses.csproj", "{DCCFBAD3-A366-4C61-B56F-DBD46D68980F}"
EndProject
Project("{FAE04EC0-301F-11D3-BF4B-00C04F79EFBC}") = "Vision-Common", "vision-common\source\Vision-Common.csproj", "{148E13D5-9D81-4937-801D-A8DF043B2A4F}"
EndProject
Project("{FAE04EC0-301F-11D3-BF4B-00C04F79EFBC}") = "Fitness", "fitness\source\Fitness.csproj", "{8900C5EF-1182-4E8B-88FE-596EC2DB379D}"
EndProject
Project("{FAE04EC0-301F-11D3-BF4B-00C04F79EFBC}") = "Fido", "fido\source\Fido.csproj", "{B78600C5-A46A-4BEA-A060-D8074FA31469}"
EndProject
Project("{FAE04EC0-301F-11D3-BF4B-00C04F79EFBC}") = "Firebase-Firestore", "firebase-firestore\source\Firebase-Firestore.csproj", "{7A3C38F7-AD6A-4BF4-9F63-3C0B0A82FB5A}"
EndProject
Project("{FAE04EC0-301F-11D3-BF4B-00C04F79EFBC}") = "Firebase-Abt", "firebase-abt\source\Firebase-Abt.csproj", "{2DA8109F-C282-4FEC-9F4B-C7CE8B53F6DB}"
EndProject
Project("{FAE04EC0-301F-11D3-BF4B-00C04F79EFBC}") = "Firebase-Ads-Lite", "firebase-ads-lite\source\Firebase-Ads-Lite.csproj", "{F13C1184-88B6-46DE-B066-B2C057058CC6}"
EndProject
Project("{FAE04EC0-301F-11D3-BF4B-00C04F79EFBC}") = "Firebase-Auth-Interop", "firebase-auth-interop\source\Firebase-Auth-Interop.csproj", "{14740758-46A6-4948-9D53-587C171B074D}"
EndProject
Project("{FAE04EC0-301F-11D3-BF4B-00C04F79EFBC}") = "Firebase-Functions", "firebase-functions\source\Firebase-Functions.csproj", "{1E61672F-14D5-42AB-A217-91C6C2059552}"
EndProject
Project("{FAE04EC0-301F-11D3-BF4B-00C04F79EFBC}") = "Firebase-ML-Common", "firebase-ml-common\source\Firebase-ML-Common.csproj", "{EA0DE820-6DF1-44A6-B1A9-814B7A35AC6E}"
EndProject
Project("{FAE04EC0-301F-11D3-BF4B-00C04F79EFBC}") = "Firebase-Measurement-Connector", "firebase-measurement-connector\source\Firebase-Measurement-Connector.csproj", "{696B7DF8-7903-4A50-B96E-0738A24FA459}"
EndProject
Project("{FAE04EC0-301F-11D3-BF4B-00C04F79EFBC}") = "Firebase-Invites", "firebase-invites\source\Firebase-Invites.csproj", "{C982F6C8-42AB-481B-9D23-4BBF0BC3B2B6}"
EndProject
Project("{FAE04EC0-301F-11D3-BF4B-00C04F79EFBC}") = "Firebase-ML-Model-Interpreter", "firebase-ml-model-interpreter\source\Firebase-ML-Model-Interpreter.csproj", "{433EDED4-B498-4D7E-92B7-975310621308}"
EndProject
Project("{FAE04EC0-301F-11D3-BF4B-00C04F79EFBC}") = "Firebase-ML-Vision", "firebase-ml-vision\source\Firebase-ML-Vision.csproj", "{8F4283A4-0C44-49AB-BCA9-7ABD064BF973}"
EndProject
Project("{FAE04EC0-301F-11D3-BF4B-00C04F79EFBC}") = "Firebase-ML-Vision-Image-Label-Model", "firebase-ml-vision-image-label-model\source\Firebase-ML-Vision-Image-Label-Model.csproj", "{541C4AAA-0423-4F9F-AF56-931C6E21B4CB}"
EndProject
Project("{FAE04EC0-301F-11D3-BF4B-00C04F79EFBC}") = "Firebase-Iid-Interop", "firebase-iid-interop\source\Firebase-Iid-Interop.csproj", "{9F5638E1-7D20-42B2-8C14-AB815E5A5B7B}"
EndProject
Project("{FAE04EC0-301F-11D3-BF4B-00C04F79EFBC}") = "Firebase-Database-Collection", "firebase-database-collection\source\Firebase-Database-Collection.csproj", "{DB477A2B-690D-4749-9666-2909044B1F93}"
EndProject
Project("{FAE04EC0-301F-11D3-BF4B-00C04F79EFBC}") = "Phenotype", "phenotype\source\Phenotype.csproj", "{EDBDAE68-450D-47B8-8771-E2C97BF00C86}"
EndProject
Project("{FAE04EC0-301F-11D3-BF4B-00C04F79EFBC}") = "ProtoliteWellKnownTypes", "protolite-well-known-types\source\ProtoliteWellKnownTypes.csproj", "{A08CB639-55C2-4431-8792-9953D5627DD4}"
EndProject
Project("{FAE04EC0-301F-11D3-BF4B-00C04F79EFBC}") = "Places-PlaceReport", "places-placereport\source\Places-PlaceReport.csproj", "{D2A2F9D7-84FB-4829-AEDA-C5B0F806E8A6}"
EndProject
Project("{FAE04EC0-301F-11D3-BF4B-00C04F79EFBC}") = "Stats", "stats\source\Stats.csproj", "{B5360982-854F-4DB8-86A2-326041BFC46F}"
EndProject
Project("{FAE04EC0-301F-11D3-BF4B-00C04F79EFBC}") = "Firebase-Measurement-Connector-Impl", "firebase-measurement-connector-impl\source\Firebase-Measurement-Connector-Impl.csproj", "{2383372C-0F9A-48F2-A02D-F46D3229AB04}"
EndProject
Project("{FAE04EC0-301F-11D3-BF4B-00C04F79EFBC}") = "Ads.Base", "ads-base\source\Ads.Base.csproj", "{11B79CD7-E9F5-4DC5-8ED6-534BA8661A28}"
EndProject
Project("{FAE04EC0-301F-11D3-BF4B-00C04F79EFBC}") = "Ads.Identifier", "ads-identifier\source\Ads.Identifier.csproj", "{24AF7352-6F6E-458D-9D8C-8EEED536920F}"
EndProject
Project("{FAE04EC0-301F-11D3-BF4B-00C04F79EFBC}") = "Ads.Lite", "ads-lite\source\Ads.Lite.csproj", "{4C9281F4-B0FC-4DE8-B170-93DBD629B79C}"
EndProject
Project("{FAE04EC0-301F-11D3-BF4B-00C04F79EFBC}") = "Audience", "audience\source\Audience.csproj", "{2B5E51BF-FC32-4AB3-A823-2DCBFFB6F3CC}"
EndProject
Project("{FAE04EC0-301F-11D3-BF4B-00C04F79EFBC}") = "Clearcut", "clearcut\source\Clearcut.csproj", "{FBC72523-8978-4F86-9D49-8FC8E3A2CAF9}"
EndProject
Project("{FAE04EC0-301F-11D3-BF4B-00C04F79EFBC}") = "Flags", "flags\source\Flags.csproj", "{F8422FD1-3818-40DB-9CBF-7347574873CC}"
EndProject
Project("{FAE04EC0-301F-11D3-BF4B-00C04F79EFBC}") = "Measurement-Base", "measurement-base\source\Measurement-Base.csproj", "{1366A650-E063-455B-92D3-BEE8DD2D147B}"
EndProject
Project("{FAE04EC0-301F-11D3-BF4B-00C04F79EFBC}") = "Vision-Image-Label", "vision-image-label\source\Vision-Image-Label.csproj", "{D23F95D5-E70D-4E78-ABA6-3E3F7AE88AAC}"
EndProject
Global
	GlobalSection(SolutionConfigurationPlatforms) = preSolution
		Debug|Any CPU = Debug|Any CPU
		Release|Any CPU = Release|Any CPU
	EndGlobalSection
	GlobalSection(ProjectConfigurationPlatforms) = postSolution
		{00F7A18F-D2C4-4014-8E4C-552A0A0B0967}.Debug|Any CPU.ActiveCfg = Debug|Any CPU
		{00F7A18F-D2C4-4014-8E4C-552A0A0B0967}.Debug|Any CPU.Build.0 = Debug|Any CPU
		{00F7A18F-D2C4-4014-8E4C-552A0A0B0967}.Release|Any CPU.ActiveCfg = Release|Any CPU
		{00F7A18F-D2C4-4014-8E4C-552A0A0B0967}.Release|Any CPU.Build.0 = Release|Any CPU
		{09362350-BB7F-4B4C-83B5-97F5C439B649}.Debug|Any CPU.ActiveCfg = Debug|Any CPU
		{09362350-BB7F-4B4C-83B5-97F5C439B649}.Debug|Any CPU.Build.0 = Debug|Any CPU
		{09362350-BB7F-4B4C-83B5-97F5C439B649}.Release|Any CPU.ActiveCfg = Release|Any CPU
		{09362350-BB7F-4B4C-83B5-97F5C439B649}.Release|Any CPU.Build.0 = Release|Any CPU
		{1CE82D7E-9EA1-435F-AF8C-5E07AB917617}.Debug|Any CPU.ActiveCfg = Debug|Any CPU
		{1CE82D7E-9EA1-435F-AF8C-5E07AB917617}.Debug|Any CPU.Build.0 = Debug|Any CPU
		{1CE82D7E-9EA1-435F-AF8C-5E07AB917617}.Release|Any CPU.ActiveCfg = Release|Any CPU
		{1CE82D7E-9EA1-435F-AF8C-5E07AB917617}.Release|Any CPU.Build.0 = Release|Any CPU
		{21D99A15-AB98-4691-A45B-D236B2A91DEB}.Debug|Any CPU.ActiveCfg = Debug|Any CPU
		{21D99A15-AB98-4691-A45B-D236B2A91DEB}.Debug|Any CPU.Build.0 = Debug|Any CPU
		{21D99A15-AB98-4691-A45B-D236B2A91DEB}.Release|Any CPU.ActiveCfg = Release|Any CPU
		{21D99A15-AB98-4691-A45B-D236B2A91DEB}.Release|Any CPU.Build.0 = Release|Any CPU
		{2858C3DB-1E15-4D12-AF09-02CFD624ADD4}.Debug|Any CPU.ActiveCfg = Debug|Any CPU
		{2858C3DB-1E15-4D12-AF09-02CFD624ADD4}.Debug|Any CPU.Build.0 = Debug|Any CPU
		{2858C3DB-1E15-4D12-AF09-02CFD624ADD4}.Release|Any CPU.ActiveCfg = Release|Any CPU
		{2858C3DB-1E15-4D12-AF09-02CFD624ADD4}.Release|Any CPU.Build.0 = Release|Any CPU
		{2E333450-68BD-48C5-9540-CFA7A053DCA1}.Debug|Any CPU.ActiveCfg = Debug|Any CPU
		{2E333450-68BD-48C5-9540-CFA7A053DCA1}.Debug|Any CPU.Build.0 = Debug|Any CPU
		{2E333450-68BD-48C5-9540-CFA7A053DCA1}.Release|Any CPU.ActiveCfg = Release|Any CPU
		{2E333450-68BD-48C5-9540-CFA7A053DCA1}.Release|Any CPU.Build.0 = Release|Any CPU
		{2EA64B09-174C-40D0-9A40-44C2BF10C9D4}.Debug|Any CPU.ActiveCfg = Debug|Any CPU
		{2EA64B09-174C-40D0-9A40-44C2BF10C9D4}.Debug|Any CPU.Build.0 = Debug|Any CPU
		{2EA64B09-174C-40D0-9A40-44C2BF10C9D4}.Release|Any CPU.ActiveCfg = Release|Any CPU
		{2EA64B09-174C-40D0-9A40-44C2BF10C9D4}.Release|Any CPU.Build.0 = Release|Any CPU
		{3F6BAE25-ADEB-468C-8384-AD655623C341}.Debug|Any CPU.ActiveCfg = Debug|Any CPU
		{3F6BAE25-ADEB-468C-8384-AD655623C341}.Debug|Any CPU.Build.0 = Debug|Any CPU
		{3F6BAE25-ADEB-468C-8384-AD655623C341}.Release|Any CPU.ActiveCfg = Release|Any CPU
		{3F6BAE25-ADEB-468C-8384-AD655623C341}.Release|Any CPU.Build.0 = Release|Any CPU
		{423414D9-6CB8-4AFF-8317-66AD03B6056D}.Debug|Any CPU.ActiveCfg = Debug|Any CPU
		{423414D9-6CB8-4AFF-8317-66AD03B6056D}.Debug|Any CPU.Build.0 = Debug|Any CPU
		{423414D9-6CB8-4AFF-8317-66AD03B6056D}.Release|Any CPU.ActiveCfg = Release|Any CPU
		{423414D9-6CB8-4AFF-8317-66AD03B6056D}.Release|Any CPU.Build.0 = Release|Any CPU
		{53F87D88-8871-41A2-9F81-B79AB02FEC24}.Debug|Any CPU.ActiveCfg = Debug|Any CPU
		{53F87D88-8871-41A2-9F81-B79AB02FEC24}.Debug|Any CPU.Build.0 = Debug|Any CPU
		{53F87D88-8871-41A2-9F81-B79AB02FEC24}.Release|Any CPU.ActiveCfg = Release|Any CPU
		{53F87D88-8871-41A2-9F81-B79AB02FEC24}.Release|Any CPU.Build.0 = Release|Any CPU
		{5DF42846-151E-40CD-A349-C0A0C6216F7B}.Debug|Any CPU.ActiveCfg = Debug|Any CPU
		{5DF42846-151E-40CD-A349-C0A0C6216F7B}.Debug|Any CPU.Build.0 = Debug|Any CPU
		{5DF42846-151E-40CD-A349-C0A0C6216F7B}.Release|Any CPU.ActiveCfg = Release|Any CPU
		{5DF42846-151E-40CD-A349-C0A0C6216F7B}.Release|Any CPU.Build.0 = Release|Any CPU
		{62946D89-B6B1-4A38-A04D-C20912087EFD}.Debug|Any CPU.ActiveCfg = Debug|Any CPU
		{62946D89-B6B1-4A38-A04D-C20912087EFD}.Debug|Any CPU.Build.0 = Debug|Any CPU
		{62946D89-B6B1-4A38-A04D-C20912087EFD}.Release|Any CPU.ActiveCfg = Release|Any CPU
		{62946D89-B6B1-4A38-A04D-C20912087EFD}.Release|Any CPU.Build.0 = Release|Any CPU
		{6A38FACF-F0C5-4A49-8A8A-7CE6634207CE}.Debug|Any CPU.ActiveCfg = Debug|Any CPU
		{6A38FACF-F0C5-4A49-8A8A-7CE6634207CE}.Debug|Any CPU.Build.0 = Debug|Any CPU
		{6A38FACF-F0C5-4A49-8A8A-7CE6634207CE}.Release|Any CPU.ActiveCfg = Release|Any CPU
		{6A38FACF-F0C5-4A49-8A8A-7CE6634207CE}.Release|Any CPU.Build.0 = Release|Any CPU
		{7076C84E-08AE-404B-8F3C-8F66010FA1B1}.Debug|Any CPU.ActiveCfg = Debug|Any CPU
		{7076C84E-08AE-404B-8F3C-8F66010FA1B1}.Debug|Any CPU.Build.0 = Debug|Any CPU
		{7076C84E-08AE-404B-8F3C-8F66010FA1B1}.Release|Any CPU.ActiveCfg = Release|Any CPU
		{7076C84E-08AE-404B-8F3C-8F66010FA1B1}.Release|Any CPU.Build.0 = Release|Any CPU
		{72CC5E29-5EA5-40E3-98E4-87ED8AB75589}.Debug|Any CPU.ActiveCfg = Debug|Any CPU
		{72CC5E29-5EA5-40E3-98E4-87ED8AB75589}.Debug|Any CPU.Build.0 = Debug|Any CPU
		{72CC5E29-5EA5-40E3-98E4-87ED8AB75589}.Release|Any CPU.ActiveCfg = Release|Any CPU
		{72CC5E29-5EA5-40E3-98E4-87ED8AB75589}.Release|Any CPU.Build.0 = Release|Any CPU
		{7893F52D-09B9-4441-AC47-6F7875BD68BC}.Debug|Any CPU.ActiveCfg = Debug|Any CPU
		{7893F52D-09B9-4441-AC47-6F7875BD68BC}.Debug|Any CPU.Build.0 = Debug|Any CPU
		{7893F52D-09B9-4441-AC47-6F7875BD68BC}.Release|Any CPU.ActiveCfg = Release|Any CPU
		{7893F52D-09B9-4441-AC47-6F7875BD68BC}.Release|Any CPU.Build.0 = Release|Any CPU
		{7A015585-036A-4BD1-8D46-A669EFA89743}.Debug|Any CPU.ActiveCfg = Debug|Any CPU
		{7A015585-036A-4BD1-8D46-A669EFA89743}.Debug|Any CPU.Build.0 = Debug|Any CPU
		{7A015585-036A-4BD1-8D46-A669EFA89743}.Release|Any CPU.ActiveCfg = Release|Any CPU
		{7A015585-036A-4BD1-8D46-A669EFA89743}.Release|Any CPU.Build.0 = Release|Any CPU
		{7AF74235-AEE2-4F3A-AEDB-7504ED93DDC0}.Debug|Any CPU.ActiveCfg = Debug|Any CPU
		{7AF74235-AEE2-4F3A-AEDB-7504ED93DDC0}.Debug|Any CPU.Build.0 = Debug|Any CPU
		{7AF74235-AEE2-4F3A-AEDB-7504ED93DDC0}.Release|Any CPU.ActiveCfg = Release|Any CPU
		{7AF74235-AEE2-4F3A-AEDB-7504ED93DDC0}.Release|Any CPU.Build.0 = Release|Any CPU
		{7CB92D61-E2FF-472A-9FDF-7E42D15B3EE6}.Debug|Any CPU.ActiveCfg = Debug|Any CPU
		{7CB92D61-E2FF-472A-9FDF-7E42D15B3EE6}.Debug|Any CPU.Build.0 = Debug|Any CPU
		{7CB92D61-E2FF-472A-9FDF-7E42D15B3EE6}.Release|Any CPU.ActiveCfg = Release|Any CPU
		{7CB92D61-E2FF-472A-9FDF-7E42D15B3EE6}.Release|Any CPU.Build.0 = Release|Any CPU
		{865652D3-8D1A-4779-92FC-4C54719286B7}.Debug|Any CPU.ActiveCfg = Debug|Any CPU
		{865652D3-8D1A-4779-92FC-4C54719286B7}.Debug|Any CPU.Build.0 = Debug|Any CPU
		{865652D3-8D1A-4779-92FC-4C54719286B7}.Release|Any CPU.ActiveCfg = Release|Any CPU
		{865652D3-8D1A-4779-92FC-4C54719286B7}.Release|Any CPU.Build.0 = Release|Any CPU
		{8BAFA1ED-B5D9-49ED-A553-E557D2A0357F}.Debug|Any CPU.ActiveCfg = Debug|Any CPU
		{8BAFA1ED-B5D9-49ED-A553-E557D2A0357F}.Debug|Any CPU.Build.0 = Debug|Any CPU
		{8BAFA1ED-B5D9-49ED-A553-E557D2A0357F}.Release|Any CPU.ActiveCfg = Release|Any CPU
		{8BAFA1ED-B5D9-49ED-A553-E557D2A0357F}.Release|Any CPU.Build.0 = Release|Any CPU
		{92BDA198-6A78-4408-844C-CAAF4C04EAFD}.Debug|Any CPU.ActiveCfg = Debug|Any CPU
		{92BDA198-6A78-4408-844C-CAAF4C04EAFD}.Debug|Any CPU.Build.0 = Debug|Any CPU
		{92BDA198-6A78-4408-844C-CAAF4C04EAFD}.Release|Any CPU.ActiveCfg = Release|Any CPU
		{92BDA198-6A78-4408-844C-CAAF4C04EAFD}.Release|Any CPU.Build.0 = Release|Any CPU
		{9E3CD219-C950-4AA9-88E5-818F42C12566}.Debug|Any CPU.ActiveCfg = Debug|Any CPU
		{9E3CD219-C950-4AA9-88E5-818F42C12566}.Debug|Any CPU.Build.0 = Debug|Any CPU
		{9E3CD219-C950-4AA9-88E5-818F42C12566}.Release|Any CPU.ActiveCfg = Release|Any CPU
		{9E3CD219-C950-4AA9-88E5-818F42C12566}.Release|Any CPU.Build.0 = Release|Any CPU
		{9F7F996D-AF44-4947-8392-07B3ED2ED00D}.Debug|Any CPU.ActiveCfg = Debug|Any CPU
		{9F7F996D-AF44-4947-8392-07B3ED2ED00D}.Debug|Any CPU.Build.0 = Debug|Any CPU
		{9F7F996D-AF44-4947-8392-07B3ED2ED00D}.Release|Any CPU.ActiveCfg = Release|Any CPU
		{9F7F996D-AF44-4947-8392-07B3ED2ED00D}.Release|Any CPU.Build.0 = Release|Any CPU
		{A069B942-EE12-4283-9C4C-F46549D3978A}.Debug|Any CPU.ActiveCfg = Debug|Any CPU
		{A069B942-EE12-4283-9C4C-F46549D3978A}.Debug|Any CPU.Build.0 = Debug|Any CPU
		{A069B942-EE12-4283-9C4C-F46549D3978A}.Release|Any CPU.ActiveCfg = Release|Any CPU
		{A069B942-EE12-4283-9C4C-F46549D3978A}.Release|Any CPU.Build.0 = Release|Any CPU
		{A0CDF507-32B7-4994-8248-94FAB8646E35}.Debug|Any CPU.ActiveCfg = Debug|Any CPU
		{A0CDF507-32B7-4994-8248-94FAB8646E35}.Debug|Any CPU.Build.0 = Debug|Any CPU
		{A0CDF507-32B7-4994-8248-94FAB8646E35}.Release|Any CPU.ActiveCfg = Release|Any CPU
		{A0CDF507-32B7-4994-8248-94FAB8646E35}.Release|Any CPU.Build.0 = Release|Any CPU
		{A2B43C02-A237-4222-999E-3354CBB6DB8D}.Debug|Any CPU.ActiveCfg = Debug|Any CPU
		{A2B43C02-A237-4222-999E-3354CBB6DB8D}.Debug|Any CPU.Build.0 = Debug|Any CPU
		{A2B43C02-A237-4222-999E-3354CBB6DB8D}.Release|Any CPU.ActiveCfg = Release|Any CPU
		{A2B43C02-A237-4222-999E-3354CBB6DB8D}.Release|Any CPU.Build.0 = Release|Any CPU
		{A7ADD277-FCAB-46D5-8F18-2E4BFFDA3AE7}.Debug|Any CPU.ActiveCfg = Debug|Any CPU
		{A7ADD277-FCAB-46D5-8F18-2E4BFFDA3AE7}.Debug|Any CPU.Build.0 = Debug|Any CPU
		{A7ADD277-FCAB-46D5-8F18-2E4BFFDA3AE7}.Release|Any CPU.ActiveCfg = Release|Any CPU
		{A7ADD277-FCAB-46D5-8F18-2E4BFFDA3AE7}.Release|Any CPU.Build.0 = Release|Any CPU
		{B02737A0-890C-4921-83A5-D77CFB8A6899}.Debug|Any CPU.ActiveCfg = Debug|Any CPU
		{B02737A0-890C-4921-83A5-D77CFB8A6899}.Debug|Any CPU.Build.0 = Debug|Any CPU
		{B02737A0-890C-4921-83A5-D77CFB8A6899}.Release|Any CPU.ActiveCfg = Release|Any CPU
		{B02737A0-890C-4921-83A5-D77CFB8A6899}.Release|Any CPU.Build.0 = Release|Any CPU
		{B04C50F7-B0CC-4170-8820-9D584E1C0ED3}.Debug|Any CPU.ActiveCfg = Debug|Any CPU
		{B04C50F7-B0CC-4170-8820-9D584E1C0ED3}.Debug|Any CPU.Build.0 = Debug|Any CPU
		{B04C50F7-B0CC-4170-8820-9D584E1C0ED3}.Release|Any CPU.ActiveCfg = Release|Any CPU
		{B04C50F7-B0CC-4170-8820-9D584E1C0ED3}.Release|Any CPU.Build.0 = Release|Any CPU
		{B28F65D1-D8DD-45E8-9DD7-74A3BE40B4CE}.Debug|Any CPU.ActiveCfg = Debug|Any CPU
		{B28F65D1-D8DD-45E8-9DD7-74A3BE40B4CE}.Debug|Any CPU.Build.0 = Debug|Any CPU
		{B28F65D1-D8DD-45E8-9DD7-74A3BE40B4CE}.Release|Any CPU.ActiveCfg = Release|Any CPU
		{B28F65D1-D8DD-45E8-9DD7-74A3BE40B4CE}.Release|Any CPU.Build.0 = Release|Any CPU
		{B94069F7-2BD5-4695-B7B7-EBAA1C496DD9}.Debug|Any CPU.ActiveCfg = Debug|Any CPU
		{B94069F7-2BD5-4695-B7B7-EBAA1C496DD9}.Debug|Any CPU.Build.0 = Debug|Any CPU
		{B94069F7-2BD5-4695-B7B7-EBAA1C496DD9}.Release|Any CPU.ActiveCfg = Release|Any CPU
		{B94069F7-2BD5-4695-B7B7-EBAA1C496DD9}.Release|Any CPU.Build.0 = Release|Any CPU
		{C1A9C587-B744-44D2-AD42-14386D424667}.Debug|Any CPU.ActiveCfg = Debug|Any CPU
		{C1A9C587-B744-44D2-AD42-14386D424667}.Debug|Any CPU.Build.0 = Debug|Any CPU
		{C1A9C587-B744-44D2-AD42-14386D424667}.Release|Any CPU.ActiveCfg = Release|Any CPU
		{C1A9C587-B744-44D2-AD42-14386D424667}.Release|Any CPU.Build.0 = Release|Any CPU
		{C360116C-0ED5-4E59-A974-E95F874B4398}.Debug|Any CPU.ActiveCfg = Debug|Any CPU
		{C360116C-0ED5-4E59-A974-E95F874B4398}.Debug|Any CPU.Build.0 = Debug|Any CPU
		{C360116C-0ED5-4E59-A974-E95F874B4398}.Release|Any CPU.ActiveCfg = Release|Any CPU
		{C360116C-0ED5-4E59-A974-E95F874B4398}.Release|Any CPU.Build.0 = Release|Any CPU
		{CC4E534D-4992-4FBB-9528-A071EDDEA7E7}.Debug|Any CPU.ActiveCfg = Debug|Any CPU
		{CC4E534D-4992-4FBB-9528-A071EDDEA7E7}.Debug|Any CPU.Build.0 = Debug|Any CPU
		{CC4E534D-4992-4FBB-9528-A071EDDEA7E7}.Release|Any CPU.ActiveCfg = Release|Any CPU
		{CC4E534D-4992-4FBB-9528-A071EDDEA7E7}.Release|Any CPU.Build.0 = Release|Any CPU
		{CFB0A03A-F787-4EE9-9EA6-8A2A65E82704}.Debug|Any CPU.ActiveCfg = Debug|Any CPU
		{CFB0A03A-F787-4EE9-9EA6-8A2A65E82704}.Debug|Any CPU.Build.0 = Debug|Any CPU
		{CFB0A03A-F787-4EE9-9EA6-8A2A65E82704}.Release|Any CPU.ActiveCfg = Release|Any CPU
		{CFB0A03A-F787-4EE9-9EA6-8A2A65E82704}.Release|Any CPU.Build.0 = Release|Any CPU
		{DC5BEB52-1715-4E53-88EF-2D4F1708E394}.Debug|Any CPU.ActiveCfg = Debug|Any CPU
		{DC5BEB52-1715-4E53-88EF-2D4F1708E394}.Debug|Any CPU.Build.0 = Debug|Any CPU
		{DC5BEB52-1715-4E53-88EF-2D4F1708E394}.Release|Any CPU.ActiveCfg = Release|Any CPU
		{DC5BEB52-1715-4E53-88EF-2D4F1708E394}.Release|Any CPU.Build.0 = Release|Any CPU
		{EA04524D-2A97-4ED0-AD74-21F8C30DF4A5}.Debug|Any CPU.ActiveCfg = Debug|Any CPU
		{EA04524D-2A97-4ED0-AD74-21F8C30DF4A5}.Debug|Any CPU.Build.0 = Debug|Any CPU
		{EA04524D-2A97-4ED0-AD74-21F8C30DF4A5}.Release|Any CPU.ActiveCfg = Release|Any CPU
		{EA04524D-2A97-4ED0-AD74-21F8C30DF4A5}.Release|Any CPU.Build.0 = Release|Any CPU
		{F666DC89-9CE4-491C-8450-6FBC70298FA3}.Debug|Any CPU.ActiveCfg = Debug|Any CPU
		{F666DC89-9CE4-491C-8450-6FBC70298FA3}.Debug|Any CPU.Build.0 = Debug|Any CPU
		{F666DC89-9CE4-491C-8450-6FBC70298FA3}.Release|Any CPU.ActiveCfg = Release|Any CPU
		{F666DC89-9CE4-491C-8450-6FBC70298FA3}.Release|Any CPU.Build.0 = Release|Any CPU
		{76CDBE93-0177-4980-8514-C4D785E1DC78}.Debug|Any CPU.ActiveCfg = Debug|Any CPU
		{76CDBE93-0177-4980-8514-C4D785E1DC78}.Debug|Any CPU.Build.0 = Debug|Any CPU
		{76CDBE93-0177-4980-8514-C4D785E1DC78}.Release|Any CPU.ActiveCfg = Release|Any CPU
		{76CDBE93-0177-4980-8514-C4D785E1DC78}.Release|Any CPU.Build.0 = Release|Any CPU
		{159A8C21-0A5B-4D99-9E07-6466F8E98AF7}.Debug|Any CPU.ActiveCfg = Debug|Any CPU
		{159A8C21-0A5B-4D99-9E07-6466F8E98AF7}.Debug|Any CPU.Build.0 = Debug|Any CPU
		{159A8C21-0A5B-4D99-9E07-6466F8E98AF7}.Release|Any CPU.ActiveCfg = Release|Any CPU
		{159A8C21-0A5B-4D99-9E07-6466F8E98AF7}.Release|Any CPU.Build.0 = Release|Any CPU
		{D705BF83-81FD-4CD9-AF3B-09C50FF42C83}.Debug|Any CPU.ActiveCfg = Debug|Any CPU
		{D705BF83-81FD-4CD9-AF3B-09C50FF42C83}.Debug|Any CPU.Build.0 = Debug|Any CPU
		{D705BF83-81FD-4CD9-AF3B-09C50FF42C83}.Release|Any CPU.ActiveCfg = Release|Any CPU
		{D705BF83-81FD-4CD9-AF3B-09C50FF42C83}.Release|Any CPU.Build.0 = Release|Any CPU
		{D42D621B-0370-44F6-A58E-0749629F9F4D}.Debug|Any CPU.ActiveCfg = Debug|Any CPU
		{D42D621B-0370-44F6-A58E-0749629F9F4D}.Debug|Any CPU.Build.0 = Debug|Any CPU
		{D42D621B-0370-44F6-A58E-0749629F9F4D}.Release|Any CPU.ActiveCfg = Release|Any CPU
		{D42D621B-0370-44F6-A58E-0749629F9F4D}.Release|Any CPU.Build.0 = Release|Any CPU
		{541FC839-6065-4681-B6A4-C3BF358F78E9}.Debug|Any CPU.ActiveCfg = Debug|Any CPU
		{541FC839-6065-4681-B6A4-C3BF358F78E9}.Debug|Any CPU.Build.0 = Debug|Any CPU
		{541FC839-6065-4681-B6A4-C3BF358F78E9}.Release|Any CPU.ActiveCfg = Release|Any CPU
		{541FC839-6065-4681-B6A4-C3BF358F78E9}.Release|Any CPU.Build.0 = Release|Any CPU
		{D7F811D2-C5E2-45BB-B7AB-88F7941A24B7}.Debug|Any CPU.ActiveCfg = Debug|Any CPU
		{D7F811D2-C5E2-45BB-B7AB-88F7941A24B7}.Debug|Any CPU.Build.0 = Debug|Any CPU
		{D7F811D2-C5E2-45BB-B7AB-88F7941A24B7}.Release|Any CPU.ActiveCfg = Release|Any CPU
		{D7F811D2-C5E2-45BB-B7AB-88F7941A24B7}.Release|Any CPU.Build.0 = Release|Any CPU
		{ED50788D-0553-48A2-A47A-6AD1C9DF41BE}.Debug|Any CPU.ActiveCfg = Debug|Any CPU
		{ED50788D-0553-48A2-A47A-6AD1C9DF41BE}.Debug|Any CPU.Build.0 = Debug|Any CPU
		{ED50788D-0553-48A2-A47A-6AD1C9DF41BE}.Release|Any CPU.ActiveCfg = Release|Any CPU
		{ED50788D-0553-48A2-A47A-6AD1C9DF41BE}.Release|Any CPU.Build.0 = Release|Any CPU
		{8D01CC30-64F5-4AD3-B9C8-0970B0F1D562}.Debug|Any CPU.ActiveCfg = Debug|Any CPU
		{8D01CC30-64F5-4AD3-B9C8-0970B0F1D562}.Debug|Any CPU.Build.0 = Debug|Any CPU
		{8D01CC30-64F5-4AD3-B9C8-0970B0F1D562}.Release|Any CPU.ActiveCfg = Release|Any CPU
		{8D01CC30-64F5-4AD3-B9C8-0970B0F1D562}.Release|Any CPU.Build.0 = Release|Any CPU
		{9FB742FE-1645-4A5B-B41B-2F0BBBE7F2BE}.Debug|Any CPU.ActiveCfg = Debug|Any CPU
		{9FB742FE-1645-4A5B-B41B-2F0BBBE7F2BE}.Debug|Any CPU.Build.0 = Debug|Any CPU
		{9FB742FE-1645-4A5B-B41B-2F0BBBE7F2BE}.Release|Any CPU.ActiveCfg = Release|Any CPU
		{9FB742FE-1645-4A5B-B41B-2F0BBBE7F2BE}.Release|Any CPU.Build.0 = Release|Any CPU
		{2233FF89-3CDD-4FA5-844E-A43EDAE8463F}.Debug|Any CPU.ActiveCfg = Debug|Any CPU
		{2233FF89-3CDD-4FA5-844E-A43EDAE8463F}.Debug|Any CPU.Build.0 = Debug|Any CPU
		{2233FF89-3CDD-4FA5-844E-A43EDAE8463F}.Release|Any CPU.ActiveCfg = Release|Any CPU
		{2233FF89-3CDD-4FA5-844E-A43EDAE8463F}.Release|Any CPU.Build.0 = Release|Any CPU
		{B797EA6B-9566-4980-9665-F808C953B24D}.Debug|Any CPU.ActiveCfg = Debug|Any CPU
		{B797EA6B-9566-4980-9665-F808C953B24D}.Debug|Any CPU.Build.0 = Debug|Any CPU
		{B797EA6B-9566-4980-9665-F808C953B24D}.Release|Any CPU.ActiveCfg = Release|Any CPU
		{B797EA6B-9566-4980-9665-F808C953B24D}.Release|Any CPU.Build.0 = Release|Any CPU
		{DCCFBAD3-A366-4C61-B56F-DBD46D68980F}.Debug|Any CPU.ActiveCfg = Debug|Any CPU
		{DCCFBAD3-A366-4C61-B56F-DBD46D68980F}.Debug|Any CPU.Build.0 = Debug|Any CPU
		{DCCFBAD3-A366-4C61-B56F-DBD46D68980F}.Release|Any CPU.ActiveCfg = Release|Any CPU
		{DCCFBAD3-A366-4C61-B56F-DBD46D68980F}.Release|Any CPU.Build.0 = Release|Any CPU
		{148E13D5-9D81-4937-801D-A8DF043B2A4F}.Debug|Any CPU.ActiveCfg = Debug|Any CPU
		{148E13D5-9D81-4937-801D-A8DF043B2A4F}.Debug|Any CPU.Build.0 = Debug|Any CPU
		{148E13D5-9D81-4937-801D-A8DF043B2A4F}.Release|Any CPU.ActiveCfg = Release|Any CPU
		{148E13D5-9D81-4937-801D-A8DF043B2A4F}.Release|Any CPU.Build.0 = Release|Any CPU
		{8900C5EF-1182-4E8B-88FE-596EC2DB379D}.Debug|Any CPU.ActiveCfg = Debug|Any CPU
		{8900C5EF-1182-4E8B-88FE-596EC2DB379D}.Debug|Any CPU.Build.0 = Debug|Any CPU
		{8900C5EF-1182-4E8B-88FE-596EC2DB379D}.Release|Any CPU.ActiveCfg = Release|Any CPU
		{8900C5EF-1182-4E8B-88FE-596EC2DB379D}.Release|Any CPU.Build.0 = Release|Any CPU
		{B78600C5-A46A-4BEA-A060-D8074FA31469}.Debug|Any CPU.ActiveCfg = Debug|Any CPU
		{B78600C5-A46A-4BEA-A060-D8074FA31469}.Debug|Any CPU.Build.0 = Debug|Any CPU
		{B78600C5-A46A-4BEA-A060-D8074FA31469}.Release|Any CPU.ActiveCfg = Release|Any CPU
		{B78600C5-A46A-4BEA-A060-D8074FA31469}.Release|Any CPU.Build.0 = Release|Any CPU
		{7A3C38F7-AD6A-4BF4-9F63-3C0B0A82FB5A}.Debug|Any CPU.ActiveCfg = Debug|Any CPU
		{7A3C38F7-AD6A-4BF4-9F63-3C0B0A82FB5A}.Debug|Any CPU.Build.0 = Debug|Any CPU
		{7A3C38F7-AD6A-4BF4-9F63-3C0B0A82FB5A}.Release|Any CPU.ActiveCfg = Release|Any CPU
		{7A3C38F7-AD6A-4BF4-9F63-3C0B0A82FB5A}.Release|Any CPU.Build.0 = Release|Any CPU
		{2DA8109F-C282-4FEC-9F4B-C7CE8B53F6DB}.Debug|Any CPU.ActiveCfg = Debug|Any CPU
		{2DA8109F-C282-4FEC-9F4B-C7CE8B53F6DB}.Debug|Any CPU.Build.0 = Debug|Any CPU
		{2DA8109F-C282-4FEC-9F4B-C7CE8B53F6DB}.Release|Any CPU.ActiveCfg = Release|Any CPU
		{2DA8109F-C282-4FEC-9F4B-C7CE8B53F6DB}.Release|Any CPU.Build.0 = Release|Any CPU
		{F13C1184-88B6-46DE-B066-B2C057058CC6}.Debug|Any CPU.ActiveCfg = Debug|Any CPU
		{F13C1184-88B6-46DE-B066-B2C057058CC6}.Debug|Any CPU.Build.0 = Debug|Any CPU
		{F13C1184-88B6-46DE-B066-B2C057058CC6}.Release|Any CPU.ActiveCfg = Release|Any CPU
		{F13C1184-88B6-46DE-B066-B2C057058CC6}.Release|Any CPU.Build.0 = Release|Any CPU
		{14740758-46A6-4948-9D53-587C171B074D}.Debug|Any CPU.ActiveCfg = Debug|Any CPU
		{14740758-46A6-4948-9D53-587C171B074D}.Debug|Any CPU.Build.0 = Debug|Any CPU
		{14740758-46A6-4948-9D53-587C171B074D}.Release|Any CPU.ActiveCfg = Release|Any CPU
		{14740758-46A6-4948-9D53-587C171B074D}.Release|Any CPU.Build.0 = Release|Any CPU
		{1E61672F-14D5-42AB-A217-91C6C2059552}.Debug|Any CPU.ActiveCfg = Debug|Any CPU
		{1E61672F-14D5-42AB-A217-91C6C2059552}.Debug|Any CPU.Build.0 = Debug|Any CPU
		{1E61672F-14D5-42AB-A217-91C6C2059552}.Release|Any CPU.ActiveCfg = Release|Any CPU
		{1E61672F-14D5-42AB-A217-91C6C2059552}.Release|Any CPU.Build.0 = Release|Any CPU
		{EA0DE820-6DF1-44A6-B1A9-814B7A35AC6E}.Debug|Any CPU.ActiveCfg = Debug|Any CPU
		{EA0DE820-6DF1-44A6-B1A9-814B7A35AC6E}.Debug|Any CPU.Build.0 = Debug|Any CPU
		{EA0DE820-6DF1-44A6-B1A9-814B7A35AC6E}.Release|Any CPU.ActiveCfg = Release|Any CPU
		{EA0DE820-6DF1-44A6-B1A9-814B7A35AC6E}.Release|Any CPU.Build.0 = Release|Any CPU
		{696B7DF8-7903-4A50-B96E-0738A24FA459}.Debug|Any CPU.ActiveCfg = Debug|Any CPU
		{696B7DF8-7903-4A50-B96E-0738A24FA459}.Debug|Any CPU.Build.0 = Debug|Any CPU
		{696B7DF8-7903-4A50-B96E-0738A24FA459}.Release|Any CPU.ActiveCfg = Release|Any CPU
		{696B7DF8-7903-4A50-B96E-0738A24FA459}.Release|Any CPU.Build.0 = Release|Any CPU
		{C982F6C8-42AB-481B-9D23-4BBF0BC3B2B6}.Debug|Any CPU.ActiveCfg = Debug|Any CPU
		{C982F6C8-42AB-481B-9D23-4BBF0BC3B2B6}.Debug|Any CPU.Build.0 = Debug|Any CPU
		{C982F6C8-42AB-481B-9D23-4BBF0BC3B2B6}.Release|Any CPU.ActiveCfg = Release|Any CPU
		{C982F6C8-42AB-481B-9D23-4BBF0BC3B2B6}.Release|Any CPU.Build.0 = Release|Any CPU
		{433EDED4-B498-4D7E-92B7-975310621308}.Debug|Any CPU.ActiveCfg = Debug|Any CPU
		{433EDED4-B498-4D7E-92B7-975310621308}.Debug|Any CPU.Build.0 = Debug|Any CPU
		{433EDED4-B498-4D7E-92B7-975310621308}.Release|Any CPU.ActiveCfg = Release|Any CPU
		{433EDED4-B498-4D7E-92B7-975310621308}.Release|Any CPU.Build.0 = Release|Any CPU
		{8F4283A4-0C44-49AB-BCA9-7ABD064BF973}.Debug|Any CPU.ActiveCfg = Debug|Any CPU
		{8F4283A4-0C44-49AB-BCA9-7ABD064BF973}.Debug|Any CPU.Build.0 = Debug|Any CPU
		{8F4283A4-0C44-49AB-BCA9-7ABD064BF973}.Release|Any CPU.ActiveCfg = Release|Any CPU
		{8F4283A4-0C44-49AB-BCA9-7ABD064BF973}.Release|Any CPU.Build.0 = Release|Any CPU
		{541C4AAA-0423-4F9F-AF56-931C6E21B4CB}.Debug|Any CPU.ActiveCfg = Debug|Any CPU
		{541C4AAA-0423-4F9F-AF56-931C6E21B4CB}.Debug|Any CPU.Build.0 = Debug|Any CPU
		{541C4AAA-0423-4F9F-AF56-931C6E21B4CB}.Release|Any CPU.ActiveCfg = Release|Any CPU
		{541C4AAA-0423-4F9F-AF56-931C6E21B4CB}.Release|Any CPU.Build.0 = Release|Any CPU
		{9F5638E1-7D20-42B2-8C14-AB815E5A5B7B}.Debug|Any CPU.ActiveCfg = Debug|Any CPU
		{9F5638E1-7D20-42B2-8C14-AB815E5A5B7B}.Debug|Any CPU.Build.0 = Debug|Any CPU
		{9F5638E1-7D20-42B2-8C14-AB815E5A5B7B}.Release|Any CPU.ActiveCfg = Release|Any CPU
		{9F5638E1-7D20-42B2-8C14-AB815E5A5B7B}.Release|Any CPU.Build.0 = Release|Any CPU
		{DB477A2B-690D-4749-9666-2909044B1F93}.Debug|Any CPU.ActiveCfg = Debug|Any CPU
		{DB477A2B-690D-4749-9666-2909044B1F93}.Debug|Any CPU.Build.0 = Debug|Any CPU
		{DB477A2B-690D-4749-9666-2909044B1F93}.Release|Any CPU.ActiveCfg = Release|Any CPU
		{DB477A2B-690D-4749-9666-2909044B1F93}.Release|Any CPU.Build.0 = Release|Any CPU
		{EDBDAE68-450D-47B8-8771-E2C97BF00C86}.Debug|Any CPU.ActiveCfg = Debug|Any CPU
		{EDBDAE68-450D-47B8-8771-E2C97BF00C86}.Debug|Any CPU.Build.0 = Debug|Any CPU
		{EDBDAE68-450D-47B8-8771-E2C97BF00C86}.Release|Any CPU.ActiveCfg = Release|Any CPU
		{EDBDAE68-450D-47B8-8771-E2C97BF00C86}.Release|Any CPU.Build.0 = Release|Any CPU
		{A08CB639-55C2-4431-8792-9953D5627DD4}.Debug|Any CPU.ActiveCfg = Debug|Any CPU
		{A08CB639-55C2-4431-8792-9953D5627DD4}.Debug|Any CPU.Build.0 = Debug|Any CPU
		{A08CB639-55C2-4431-8792-9953D5627DD4}.Release|Any CPU.ActiveCfg = Release|Any CPU
		{A08CB639-55C2-4431-8792-9953D5627DD4}.Release|Any CPU.Build.0 = Release|Any CPU
		{D2A2F9D7-84FB-4829-AEDA-C5B0F806E8A6}.Debug|Any CPU.ActiveCfg = Debug|Any CPU
		{D2A2F9D7-84FB-4829-AEDA-C5B0F806E8A6}.Debug|Any CPU.Build.0 = Debug|Any CPU
		{D2A2F9D7-84FB-4829-AEDA-C5B0F806E8A6}.Release|Any CPU.ActiveCfg = Release|Any CPU
		{D2A2F9D7-84FB-4829-AEDA-C5B0F806E8A6}.Release|Any CPU.Build.0 = Release|Any CPU
		{B5360982-854F-4DB8-86A2-326041BFC46F}.Debug|Any CPU.ActiveCfg = Debug|Any CPU
		{B5360982-854F-4DB8-86A2-326041BFC46F}.Debug|Any CPU.Build.0 = Debug|Any CPU
		{B5360982-854F-4DB8-86A2-326041BFC46F}.Release|Any CPU.ActiveCfg = Release|Any CPU
		{B5360982-854F-4DB8-86A2-326041BFC46F}.Release|Any CPU.Build.0 = Release|Any CPU
		{2383372C-0F9A-48F2-A02D-F46D3229AB04}.Debug|Any CPU.ActiveCfg = Debug|Any CPU
		{2383372C-0F9A-48F2-A02D-F46D3229AB04}.Debug|Any CPU.Build.0 = Debug|Any CPU
		{2383372C-0F9A-48F2-A02D-F46D3229AB04}.Release|Any CPU.ActiveCfg = Release|Any CPU
		{2383372C-0F9A-48F2-A02D-F46D3229AB04}.Release|Any CPU.Build.0 = Release|Any CPU
		{11B79CD7-E9F5-4DC5-8ED6-534BA8661A28}.Debug|Any CPU.ActiveCfg = Debug|Any CPU
		{11B79CD7-E9F5-4DC5-8ED6-534BA8661A28}.Debug|Any CPU.Build.0 = Debug|Any CPU
		{11B79CD7-E9F5-4DC5-8ED6-534BA8661A28}.Release|Any CPU.ActiveCfg = Release|Any CPU
		{11B79CD7-E9F5-4DC5-8ED6-534BA8661A28}.Release|Any CPU.Build.0 = Release|Any CPU
		{24AF7352-6F6E-458D-9D8C-8EEED536920F}.Debug|Any CPU.ActiveCfg = Debug|Any CPU
		{24AF7352-6F6E-458D-9D8C-8EEED536920F}.Debug|Any CPU.Build.0 = Debug|Any CPU
		{24AF7352-6F6E-458D-9D8C-8EEED536920F}.Release|Any CPU.ActiveCfg = Release|Any CPU
		{24AF7352-6F6E-458D-9D8C-8EEED536920F}.Release|Any CPU.Build.0 = Release|Any CPU
		{4C9281F4-B0FC-4DE8-B170-93DBD629B79C}.Debug|Any CPU.ActiveCfg = Debug|Any CPU
		{4C9281F4-B0FC-4DE8-B170-93DBD629B79C}.Debug|Any CPU.Build.0 = Debug|Any CPU
		{4C9281F4-B0FC-4DE8-B170-93DBD629B79C}.Release|Any CPU.ActiveCfg = Release|Any CPU
		{4C9281F4-B0FC-4DE8-B170-93DBD629B79C}.Release|Any CPU.Build.0 = Release|Any CPU
		{2B5E51BF-FC32-4AB3-A823-2DCBFFB6F3CC}.Debug|Any CPU.ActiveCfg = Debug|Any CPU
		{2B5E51BF-FC32-4AB3-A823-2DCBFFB6F3CC}.Debug|Any CPU.Build.0 = Debug|Any CPU
		{2B5E51BF-FC32-4AB3-A823-2DCBFFB6F3CC}.Release|Any CPU.ActiveCfg = Release|Any CPU
		{2B5E51BF-FC32-4AB3-A823-2DCBFFB6F3CC}.Release|Any CPU.Build.0 = Release|Any CPU
		{FBC72523-8978-4F86-9D49-8FC8E3A2CAF9}.Debug|Any CPU.ActiveCfg = Debug|Any CPU
		{FBC72523-8978-4F86-9D49-8FC8E3A2CAF9}.Debug|Any CPU.Build.0 = Debug|Any CPU
		{FBC72523-8978-4F86-9D49-8FC8E3A2CAF9}.Release|Any CPU.ActiveCfg = Release|Any CPU
		{FBC72523-8978-4F86-9D49-8FC8E3A2CAF9}.Release|Any CPU.Build.0 = Release|Any CPU
		{F8422FD1-3818-40DB-9CBF-7347574873CC}.Debug|Any CPU.ActiveCfg = Debug|Any CPU
		{F8422FD1-3818-40DB-9CBF-7347574873CC}.Debug|Any CPU.Build.0 = Debug|Any CPU
		{F8422FD1-3818-40DB-9CBF-7347574873CC}.Release|Any CPU.ActiveCfg = Release|Any CPU
		{F8422FD1-3818-40DB-9CBF-7347574873CC}.Release|Any CPU.Build.0 = Release|Any CPU
		{1366A650-E063-455B-92D3-BEE8DD2D147B}.Debug|Any CPU.ActiveCfg = Debug|Any CPU
		{1366A650-E063-455B-92D3-BEE8DD2D147B}.Debug|Any CPU.Build.0 = Debug|Any CPU
		{1366A650-E063-455B-92D3-BEE8DD2D147B}.Release|Any CPU.ActiveCfg = Release|Any CPU
		{1366A650-E063-455B-92D3-BEE8DD2D147B}.Release|Any CPU.Build.0 = Release|Any CPU
		{D23F95D5-E70D-4E78-ABA6-3E3F7AE88AAC}.Debug|Any CPU.ActiveCfg = Debug|Any CPU
		{D23F95D5-E70D-4E78-ABA6-3E3F7AE88AAC}.Debug|Any CPU.Build.0 = Debug|Any CPU
		{D23F95D5-E70D-4E78-ABA6-3E3F7AE88AAC}.Release|Any CPU.ActiveCfg = Release|Any CPU
		{D23F95D5-E70D-4E78-ABA6-3E3F7AE88AAC}.Release|Any CPU.Build.0 = Release|Any CPU
	EndGlobalSection
	GlobalSection(NestedProjects) = preSolution
		{6A38FACF-F0C5-4A49-8A8A-7CE6634207CE} = {AFB1EDA0-E0D2-4E95-BAEC-9781B046413E}
		{3F6BAE25-ADEB-468C-8384-AD655623C341} = {AFB1EDA0-E0D2-4E95-BAEC-9781B046413E}
		{09362350-BB7F-4B4C-83B5-97F5C439B649} = {AFB1EDA0-E0D2-4E95-BAEC-9781B046413E}
		{1CE82D7E-9EA1-435F-AF8C-5E07AB917617} = {AFB1EDA0-E0D2-4E95-BAEC-9781B046413E}
		{EA04524D-2A97-4ED0-AD74-21F8C30DF4A5} = {AFB1EDA0-E0D2-4E95-BAEC-9781B046413E}
		{A069B942-EE12-4283-9C4C-F46549D3978A} = {AFB1EDA0-E0D2-4E95-BAEC-9781B046413E}
		{A0CDF507-32B7-4994-8248-94FAB8646E35} = {AFB1EDA0-E0D2-4E95-BAEC-9781B046413E}
		{C1A9C587-B744-44D2-AD42-14386D424667} = {AFB1EDA0-E0D2-4E95-BAEC-9781B046413E}
		{8BAFA1ED-B5D9-49ED-A553-E557D2A0357F} = {AFB1EDA0-E0D2-4E95-BAEC-9781B046413E}
		{F666DC89-9CE4-491C-8450-6FBC70298FA3} = {AFB1EDA0-E0D2-4E95-BAEC-9781B046413E}
		{7CB92D61-E2FF-472A-9FDF-7E42D15B3EE6} = {AFB1EDA0-E0D2-4E95-BAEC-9781B046413E}
		{5DF42846-151E-40CD-A349-C0A0C6216F7B} = {AFB1EDA0-E0D2-4E95-BAEC-9781B046413E}
		{A7ADD277-FCAB-46D5-8F18-2E4BFFDA3AE7} = {AFB1EDA0-E0D2-4E95-BAEC-9781B046413E}
		{9E3CD219-C950-4AA9-88E5-818F42C12566} = {AFB1EDA0-E0D2-4E95-BAEC-9781B046413E}
		{A2B43C02-A237-4222-999E-3354CBB6DB8D} = {AFB1EDA0-E0D2-4E95-BAEC-9781B046413E}
		{7A015585-036A-4BD1-8D46-A669EFA89743} = {AFB1EDA0-E0D2-4E95-BAEC-9781B046413E}
		{72CC5E29-5EA5-40E3-98E4-87ED8AB75589} = {AFB1EDA0-E0D2-4E95-BAEC-9781B046413E}
		{7AF74235-AEE2-4F3A-AEDB-7504ED93DDC0} = {AFB1EDA0-E0D2-4E95-BAEC-9781B046413E}
		{92BDA198-6A78-4408-844C-CAAF4C04EAFD} = {AFB1EDA0-E0D2-4E95-BAEC-9781B046413E}
		{CC4E534D-4992-4FBB-9528-A071EDDEA7E7} = {AFB1EDA0-E0D2-4E95-BAEC-9781B046413E}
		{53F87D88-8871-41A2-9F81-B79AB02FEC24} = {AFB1EDA0-E0D2-4E95-BAEC-9781B046413E}
		{B04C50F7-B0CC-4170-8820-9D584E1C0ED3} = {AFB1EDA0-E0D2-4E95-BAEC-9781B046413E}
		{7893F52D-09B9-4441-AC47-6F7875BD68BC} = {AFB1EDA0-E0D2-4E95-BAEC-9781B046413E}
		{9F7F996D-AF44-4947-8392-07B3ED2ED00D} = {AFB1EDA0-E0D2-4E95-BAEC-9781B046413E}
		{2EA64B09-174C-40D0-9A40-44C2BF10C9D4} = {AFB1EDA0-E0D2-4E95-BAEC-9781B046413E}
		{B94069F7-2BD5-4695-B7B7-EBAA1C496DD9} = {AFB1EDA0-E0D2-4E95-BAEC-9781B046413E}
		{865652D3-8D1A-4779-92FC-4C54719286B7} = {1EC5651F-83A6-4862-AED2-6BE5103652D0}
		{DC5BEB52-1715-4E53-88EF-2D4F1708E394} = {1EC5651F-83A6-4862-AED2-6BE5103652D0}
		{B28F65D1-D8DD-45E8-9DD7-74A3BE40B4CE} = {1EC5651F-83A6-4862-AED2-6BE5103652D0}
		{CFB0A03A-F787-4EE9-9EA6-8A2A65E82704} = {1EC5651F-83A6-4862-AED2-6BE5103652D0}
		{00F7A18F-D2C4-4014-8E4C-552A0A0B0967} = {1EC5651F-83A6-4862-AED2-6BE5103652D0}
		{7076C84E-08AE-404B-8F3C-8F66010FA1B1} = {1EC5651F-83A6-4862-AED2-6BE5103652D0}
		{62946D89-B6B1-4A38-A04D-C20912087EFD} = {1EC5651F-83A6-4862-AED2-6BE5103652D0}
		{2858C3DB-1E15-4D12-AF09-02CFD624ADD4} = {1EC5651F-83A6-4862-AED2-6BE5103652D0}
		{B02737A0-890C-4921-83A5-D77CFB8A6899} = {1EC5651F-83A6-4862-AED2-6BE5103652D0}
		{2E333450-68BD-48C5-9540-CFA7A053DCA1} = {1EC5651F-83A6-4862-AED2-6BE5103652D0}
		{C360116C-0ED5-4E59-A974-E95F874B4398} = {1EC5651F-83A6-4862-AED2-6BE5103652D0}
		{423414D9-6CB8-4AFF-8317-66AD03B6056D} = {1EC5651F-83A6-4862-AED2-6BE5103652D0}
		{21D99A15-AB98-4691-A45B-D236B2A91DEB} = {3330092C-6EB0-4AB6-9901-2F4070E2FD81}
		{76CDBE93-0177-4980-8514-C4D785E1DC78} = {3330092C-6EB0-4AB6-9901-2F4070E2FD81}
		{159A8C21-0A5B-4D99-9E07-6466F8E98AF7} = {AFB1EDA0-E0D2-4E95-BAEC-9781B046413E}
		{D705BF83-81FD-4CD9-AF3B-09C50FF42C83} = {AFB1EDA0-E0D2-4E95-BAEC-9781B046413E}
		{D42D621B-0370-44F6-A58E-0749629F9F4D} = {AFB1EDA0-E0D2-4E95-BAEC-9781B046413E}
		{541FC839-6065-4681-B6A4-C3BF358F78E9} = {AFB1EDA0-E0D2-4E95-BAEC-9781B046413E}
		{D7F811D2-C5E2-45BB-B7AB-88F7941A24B7} = {AFB1EDA0-E0D2-4E95-BAEC-9781B046413E}
		{ED50788D-0553-48A2-A47A-6AD1C9DF41BE} = {AFB1EDA0-E0D2-4E95-BAEC-9781B046413E}
		{8D01CC30-64F5-4AD3-B9C8-0970B0F1D562} = {1EC5651F-83A6-4862-AED2-6BE5103652D0}
		{9FB742FE-1645-4A5B-B41B-2F0BBBE7F2BE} = {1EC5651F-83A6-4862-AED2-6BE5103652D0}
		{2233FF89-3CDD-4FA5-844E-A43EDAE8463F} = {1EC5651F-83A6-4862-AED2-6BE5103652D0}
		{B797EA6B-9566-4980-9665-F808C953B24D} = {AFB1EDA0-E0D2-4E95-BAEC-9781B046413E}
		{DCCFBAD3-A366-4C61-B56F-DBD46D68980F} = {AFB1EDA0-E0D2-4E95-BAEC-9781B046413E}
		{148E13D5-9D81-4937-801D-A8DF043B2A4F} = {AFB1EDA0-E0D2-4E95-BAEC-9781B046413E}
		{8900C5EF-1182-4E8B-88FE-596EC2DB379D} = {AFB1EDA0-E0D2-4E95-BAEC-9781B046413E}
		{B78600C5-A46A-4BEA-A060-D8074FA31469} = {AFB1EDA0-E0D2-4E95-BAEC-9781B046413E}
		{7A3C38F7-AD6A-4BF4-9F63-3C0B0A82FB5A} = {1EC5651F-83A6-4862-AED2-6BE5103652D0}
		{2DA8109F-C282-4FEC-9F4B-C7CE8B53F6DB} = {1EC5651F-83A6-4862-AED2-6BE5103652D0}
		{F13C1184-88B6-46DE-B066-B2C057058CC6} = {1EC5651F-83A6-4862-AED2-6BE5103652D0}
		{14740758-46A6-4948-9D53-587C171B074D} = {1EC5651F-83A6-4862-AED2-6BE5103652D0}
		{1E61672F-14D5-42AB-A217-91C6C2059552} = {1EC5651F-83A6-4862-AED2-6BE5103652D0}
		{EA0DE820-6DF1-44A6-B1A9-814B7A35AC6E} = {1EC5651F-83A6-4862-AED2-6BE5103652D0}
		{696B7DF8-7903-4A50-B96E-0738A24FA459} = {1EC5651F-83A6-4862-AED2-6BE5103652D0}
		{C982F6C8-42AB-481B-9D23-4BBF0BC3B2B6} = {1EC5651F-83A6-4862-AED2-6BE5103652D0}
		{433EDED4-B498-4D7E-92B7-975310621308} = {1EC5651F-83A6-4862-AED2-6BE5103652D0}
		{8F4283A4-0C44-49AB-BCA9-7ABD064BF973} = {1EC5651F-83A6-4862-AED2-6BE5103652D0}
		{541C4AAA-0423-4F9F-AF56-931C6E21B4CB} = {1EC5651F-83A6-4862-AED2-6BE5103652D0}
		{9F5638E1-7D20-42B2-8C14-AB815E5A5B7B} = {1EC5651F-83A6-4862-AED2-6BE5103652D0}
		{DB477A2B-690D-4749-9666-2909044B1F93} = {1EC5651F-83A6-4862-AED2-6BE5103652D0}
		{EDBDAE68-450D-47B8-8771-E2C97BF00C86} = {AFB1EDA0-E0D2-4E95-BAEC-9781B046413E}
		{A08CB639-55C2-4431-8792-9953D5627DD4} = {1EC5651F-83A6-4862-AED2-6BE5103652D0}
		{D2A2F9D7-84FB-4829-AEDA-C5B0F806E8A6} = {AFB1EDA0-E0D2-4E95-BAEC-9781B046413E}
		{B5360982-854F-4DB8-86A2-326041BFC46F} = {AFB1EDA0-E0D2-4E95-BAEC-9781B046413E}
		{2383372C-0F9A-48F2-A02D-F46D3229AB04} = {1EC5651F-83A6-4862-AED2-6BE5103652D0}
		{11B79CD7-E9F5-4DC5-8ED6-534BA8661A28} = {AFB1EDA0-E0D2-4E95-BAEC-9781B046413E}
		{24AF7352-6F6E-458D-9D8C-8EEED536920F} = {AFB1EDA0-E0D2-4E95-BAEC-9781B046413E}
		{4C9281F4-B0FC-4DE8-B170-93DBD629B79C} = {AFB1EDA0-E0D2-4E95-BAEC-9781B046413E}
		{2B5E51BF-FC32-4AB3-A823-2DCBFFB6F3CC} = {AFB1EDA0-E0D2-4E95-BAEC-9781B046413E}
		{FBC72523-8978-4F86-9D49-8FC8E3A2CAF9} = {AFB1EDA0-E0D2-4E95-BAEC-9781B046413E}
		{F8422FD1-3818-40DB-9CBF-7347574873CC} = {AFB1EDA0-E0D2-4E95-BAEC-9781B046413E}
		{1366A650-E063-455B-92D3-BEE8DD2D147B} = {AFB1EDA0-E0D2-4E95-BAEC-9781B046413E}
		{D23F95D5-E70D-4E78-ABA6-3E3F7AE88AAC} = {AFB1EDA0-E0D2-4E95-BAEC-9781B046413E}
	EndGlobalSection
EndGlobal
