
Microsoft Visual Studio Solution File, Format Version 12.00
# Visual Studio 2012
Project("{FAE04EC0-301F-11D3-BF4B-00C04F79EFBC}") = "Firebase-Config", "..\source\Firebase-Config.csproj", "{00F7A18F-D2C4-4014-8E4C-552A0A0B0967}"
EndProject
Project("{FAE04EC0-301F-11D3-BF4B-00C04F79EFBC}") = "Base", "..\..\base\source\Base.csproj", "{3F6BAE25-ADEB-468C-8384-AD655623C341}"
EndProject
Project("{FAE04EC0-301F-11D3-BF4B-00C04F79EFBC}") = "Basement", "..\..\basement\source\Basement.csproj", "{6A38FACF-F0C5-4A49-8A8A-7CE6634207CE}"
EndProject
Project("{FAE04EC0-301F-11D3-BF4B-00C04F79EFBC}") = "Firebase-Common", "..\..\firebase-common\source\Firebase-Common.csproj", "{865652D3-8D1A-4779-92FC-4C54719286B7}"
EndProject
Project("{FAE04EC0-301F-11D3-BF4B-00C04F79EFBC}") = "Firebase-Iid", "..\..\firebase-iid\source\Firebase-Iid.csproj", "{B28F65D1-D8DD-45E8-9DD7-74A3BE40B4CE}"
EndProject
Project("{FAE04EC0-301F-11D3-BF4B-00C04F79EFBC}") = "Tasks", "..\..\tasks\source\Tasks.csproj", "{53F87D88-8871-41A2-9F81-B79AB02FEC24}"
EndProject
Project("{FAE04EC0-301F-11D3-BF4B-00C04F79EFBC}") = "FirebaseConfigQuickstart", "FirebaseConfigQuickstart\FirebaseConfigQuickstart.csproj", "{2D0CDDEA-48B2-4F3A-BF1B-1F33DD355A03}"
EndProject
Project("{FAE04EC0-301F-11D3-BF4B-00C04F79EFBC}") = "Gcm", "..\..\gcm\source\Gcm.csproj", "{1CE82D7E-9EA1-435F-AF8C-5E07AB917617}"
EndProject
Global
	GlobalSection(SolutionConfigurationPlatforms) = preSolution
		Debug|Any CPU = Debug|Any CPU
		Release|Any CPU = Release|Any CPU
	EndGlobalSection
	GlobalSection(ProjectConfigurationPlatforms) = postSolution
		{00F7A18F-D2C4-4014-8E4C-552A0A0B0967}.Debug|Any CPU.ActiveCfg = Debug|Any CPU
		{00F7A18F-D2C4-4014-8E4C-552A0A0B0967}.Debug|Any CPU.Build.0 = Debug|Any CPU
		{00F7A18F-D2C4-4014-8E4C-552A0A0B0967}.Release|Any CPU.ActiveCfg = Release|Any CPU
		{00F7A18F-D2C4-4014-8E4C-552A0A0B0967}.Release|Any CPU.Build.0 = Release|Any CPU
		{3F6BAE25-ADEB-468C-8384-AD655623C341}.Debug|Any CPU.ActiveCfg = Debug|Any CPU
		{3F6BAE25-ADEB-468C-8384-AD655623C341}.Debug|Any CPU.Build.0 = Debug|Any CPU
		{3F6BAE25-ADEB-468C-8384-AD655623C341}.Release|Any CPU.ActiveCfg = Release|Any CPU
		{3F6BAE25-ADEB-468C-8384-AD655623C341}.Release|Any CPU.Build.0 = Release|Any CPU
		{6A38FACF-F0C5-4A49-8A8A-7CE6634207CE}.Debug|Any CPU.ActiveCfg = Debug|Any CPU
		{6A38FACF-F0C5-4A49-8A8A-7CE6634207CE}.Debug|Any CPU.Build.0 = Debug|Any CPU
		{6A38FACF-F0C5-4A49-8A8A-7CE6634207CE}.Release|Any CPU.ActiveCfg = Release|Any CPU
		{6A38FACF-F0C5-4A49-8A8A-7CE6634207CE}.Release|Any CPU.Build.0 = Release|Any CPU
		{865652D3-8D1A-4779-92FC-4C54719286B7}.Debug|Any CPU.ActiveCfg = Debug|Any CPU
		{865652D3-8D1A-4779-92FC-4C54719286B7}.Debug|Any CPU.Build.0 = Debug|Any CPU
		{865652D3-8D1A-4779-92FC-4C54719286B7}.Release|Any CPU.ActiveCfg = Release|Any CPU
		{865652D3-8D1A-4779-92FC-4C54719286B7}.Release|Any CPU.Build.0 = Release|Any CPU
		{B28F65D1-D8DD-45E8-9DD7-74A3BE40B4CE}.Debug|Any CPU.ActiveCfg = Debug|Any CPU
		{B28F65D1-D8DD-45E8-9DD7-74A3BE40B4CE}.Debug|Any CPU.Build.0 = Debug|Any CPU
		{B28F65D1-D8DD-45E8-9DD7-74A3BE40B4CE}.Release|Any CPU.ActiveCfg = Release|Any CPU
		{B28F65D1-D8DD-45E8-9DD7-74A3BE40B4CE}.Release|Any CPU.Build.0 = Release|Any CPU
		{53F87D88-8871-41A2-9F81-B79AB02FEC24}.Debug|Any CPU.ActiveCfg = Debug|Any CPU
		{53F87D88-8871-41A2-9F81-B79AB02FEC24}.Debug|Any CPU.Build.0 = Debug|Any CPU
		{53F87D88-8871-41A2-9F81-B79AB02FEC24}.Release|Any CPU.ActiveCfg = Release|Any CPU
		{53F87D88-8871-41A2-9F81-B79AB02FEC24}.Release|Any CPU.Build.0 = Release|Any CPU
		{2D0CDDEA-48B2-4F3A-BF1B-1F33DD355A03}.Debug|Any CPU.ActiveCfg = Debug|Any CPU
		{2D0CDDEA-48B2-4F3A-BF1B-1F33DD355A03}.Debug|Any CPU.Build.0 = Debug|Any CPU
		{2D0CDDEA-48B2-4F3A-BF1B-1F33DD355A03}.Release|Any CPU.ActiveCfg = Release|Any CPU
		{2D0CDDEA-48B2-4F3A-BF1B-1F33DD355A03}.Release|Any CPU.Build.0 = Release|Any CPU
		{1CE82D7E-9EA1-435F-AF8C-5E07AB917617}.Debug|Any CPU.ActiveCfg = Debug|Any CPU
		{1CE82D7E-9EA1-435F-AF8C-5E07AB917617}.Debug|Any CPU.Build.0 = Debug|Any CPU
		{1CE82D7E-9EA1-435F-AF8C-5E07AB917617}.Release|Any CPU.ActiveCfg = Release|Any CPU
		{1CE82D7E-9EA1-435F-AF8C-5E07AB917617}.Release|Any CPU.Build.0 = Release|Any CPU
	EndGlobalSection
EndGlobal
