
Microsoft Visual Studio Solution File, Format Version 12.00
# Visual Studio 15
VisualStudioVersion = 15.0.28307.168
MinimumVisualStudioVersion = 10.0.40219.1
Project("{FAE04EC0-301F-11D3-BF4B-00C04F79EFBC}") = "AdsLiteSample", "AdsLiteSample\AdsLiteSample.csproj", "{7FC52123-FA3A-4A79-96F2-CB7507BDD03E}"
EndProject
Project("{FAE04EC0-301F-11D3-BF4B-00C04F79EFBC}") = "AdsLiteSample.UITests", "AdsLiteSample.UITests\AdsLiteSample.UITests.csproj", "{6BB10A0B-9B37-4DD6-87F2-731DE4C161E6}"
EndProject
Global
	GlobalSection(SolutionConfigurationPlatforms) = preSolution
		Debug|Any CPU = Debug|Any CPU
		Release|Any CPU = Release|Any CPU
	EndGlobalSection
	GlobalSection(ProjectConfigurationPlatforms) = postSolution
		{7FC52123-FA3A-4A79-96F2-CB7507BDD03E}.Debug|Any CPU.ActiveCfg = Debug|Any CPU
		{7FC52123-FA3A-4A79-96F2-CB7507BDD03E}.Debug|Any CPU.Build.0 = Debug|Any CPU
		{7FC52123-FA3A-4A79-96F2-CB7507BDD03E}.Release|Any CPU.ActiveCfg = Release|Any CPU
		{7FC52123-FA3A-4A79-96F2-CB7507BDD03E}.Release|Any CPU.Build.0 = Release|Any CPU
		{6BB10A0B-9B37-4DD6-87F2-731DE4C161E6}.Debug|Any CPU.ActiveCfg = Debug|Any CPU
		{6BB10A0B-9B37-4DD6-87F2-731DE4C161E6}.Debug|Any CPU.Build.0 = Debug|Any CPU
		{6BB10A0B-9B37-4DD6-87F2-731DE4C161E6}.Release|Any CPU.ActiveCfg = Release|Any CPU
		{6BB10A0B-9B37-4DD6-87F2-731DE4C161E6}.Release|Any CPU.Build.0 = Release|Any CPU
	EndGlobalSection
	GlobalSection(SolutionProperties) = preSolution
		HideSolutionNode = FALSE
	EndGlobalSection
	GlobalSection(ExtensibilityGlobals) = postSolution
		SolutionGuid = {3D327706-A818-446B-9974-8F83C49621CC}
	EndGlobalSection
EndGlobal
