
Microsoft Visual Studio Solution File, Format Version 12.00
# Visual Studio 15
VisualStudioVersion = 15.0.28307.572
MinimumVisualStudioVersion = 10.0.40219.1
Project("{D954291E-2A0B-460D-934E-DC6B0785DB48}") = "firebaseperfunoexperiment.Shared", "uno.Shared\firebaseperfunoexperiment.Shared.shproj", "{6279C845-92F8-4333-AB99-3D213163593C}"
EndProject
Project("{FAE04EC0-301F-11D3-BF4B-00C04F79EFBC}") = "firebaseperfunoexperiment.Droid", "uno.Droid\firebaseperfunoexperiment.Droid.csproj", "{6CBAD261-AC6D-49B5-898D-BB4C79A9F5D7}"
EndProject
Global
	GlobalSection(SharedMSBuildProjectFiles) = preSolution
		uno.Shared\firebaseperfunoexperiment.Shared.projitems*{0c932052-0166-4fe6-8012-2ec01b2e0a86}*SharedItemsImports = 4
		uno.Shared\firebaseperfunoexperiment.Shared.projitems*{60342b37-c494-4b20-9f6c-16532e29807c}*SharedItemsImports = 4
		uno.Shared\firebaseperfunoexperiment.Shared.projitems*{6279c845-92f8-4333-ab99-3d213163593c}*SharedItemsImports = 13
		uno.Shared\firebaseperfunoexperiment.Shared.projitems*{6cbad261-ac6d-49b5-898d-bb4c79a9f5d7}*SharedItemsImports = 4
	EndGlobalSection
	GlobalSection(SolutionConfigurationPlatforms) = preSolution
		Ad-Hoc|Any CPU = Ad-Hoc|Any CPU
		Ad-Hoc|ARM = Ad-Hoc|ARM
		Ad-Hoc|iPhone = Ad-Hoc|iPhone
		Ad-Hoc|iPhoneSimulator = Ad-Hoc|iPhoneSimulator
		Ad-Hoc|x64 = Ad-Hoc|x64
		Ad-Hoc|x86 = Ad-Hoc|x86
		AppStore|Any CPU = AppStore|Any CPU
		AppStore|ARM = AppStore|ARM
		AppStore|iPhone = AppStore|iPhone
		AppStore|iPhoneSimulator = AppStore|iPhoneSimulator
		AppStore|x64 = AppStore|x64
		AppStore|x86 = AppStore|x86
		Debug|Any CPU = Debug|Any CPU
		Debug|ARM = Debug|ARM
		Debug|iPhone = Debug|iPhone
		Debug|iPhoneSimulator = Debug|iPhoneSimulator
		Debug|x64 = Debug|x64
		Debug|x86 = Debug|x86
		Release|Any CPU = Release|Any CPU
		Release|ARM = Release|ARM
		Release|iPhone = Release|iPhone
		Release|iPhoneSimulator = Release|iPhoneSimulator
		Release|x64 = Release|x64
		Release|x86 = Release|x86
	EndGlobalSection
	GlobalSection(ProjectConfigurationPlatforms) = postSolution
		{6CBAD261-AC6D-49B5-898D-BB4C79A9F5D7}.Ad-Hoc|Any CPU.ActiveCfg = Release|Any CPU
		{6CBAD261-AC6D-49B5-898D-BB4C79A9F5D7}.Ad-Hoc|Any CPU.Build.0 = Release|Any CPU
		{6CBAD261-AC6D-49B5-898D-BB4C79A9F5D7}.Ad-Hoc|Any CPU.Deploy.0 = Release|Any CPU
		{6CBAD261-AC6D-49B5-898D-BB4C79A9F5D7}.Ad-Hoc|ARM.ActiveCfg = Release|Any CPU
		{6CBAD261-AC6D-49B5-898D-BB4C79A9F5D7}.Ad-Hoc|ARM.Build.0 = Release|Any CPU
		{6CBAD261-AC6D-49B5-898D-BB4C79A9F5D7}.Ad-Hoc|ARM.Deploy.0 = Release|Any CPU
		{6CBAD261-AC6D-49B5-898D-BB4C79A9F5D7}.Ad-Hoc|iPhone.ActiveCfg = Release|Any CPU
		{6CBAD261-AC6D-49B5-898D-BB4C79A9F5D7}.Ad-Hoc|iPhone.Build.0 = Release|Any CPU
		{6CBAD261-AC6D-49B5-898D-BB4C79A9F5D7}.Ad-Hoc|iPhone.Deploy.0 = Release|Any CPU
		{6CBAD261-AC6D-49B5-898D-BB4C79A9F5D7}.Ad-Hoc|iPhoneSimulator.ActiveCfg = Release|Any CPU
		{6CBAD261-AC6D-49B5-898D-BB4C79A9F5D7}.Ad-Hoc|iPhoneSimulator.Build.0 = Release|Any CPU
		{6CBAD261-AC6D-49B5-898D-BB4C79A9F5D7}.Ad-Hoc|iPhoneSimulator.Deploy.0 = Release|Any CPU
		{6CBAD261-AC6D-49B5-898D-BB4C79A9F5D7}.Ad-Hoc|x64.ActiveCfg = Release|Any CPU
		{6CBAD261-AC6D-49B5-898D-BB4C79A9F5D7}.Ad-Hoc|x64.Build.0 = Release|Any CPU
		{6CBAD261-AC6D-49B5-898D-BB4C79A9F5D7}.Ad-Hoc|x64.Deploy.0 = Release|Any CPU
		{6CBAD261-AC6D-49B5-898D-BB4C79A9F5D7}.Ad-Hoc|x86.ActiveCfg = Release|Any CPU
		{6CBAD261-AC6D-49B5-898D-BB4C79A9F5D7}.Ad-Hoc|x86.Build.0 = Release|Any CPU
		{6CBAD261-AC6D-49B5-898D-BB4C79A9F5D7}.Ad-Hoc|x86.Deploy.0 = Release|Any CPU
		{6CBAD261-AC6D-49B5-898D-BB4C79A9F5D7}.AppStore|Any CPU.ActiveCfg = Release|Any CPU
		{6CBAD261-AC6D-49B5-898D-BB4C79A9F5D7}.AppStore|Any CPU.Build.0 = Release|Any CPU
		{6CBAD261-AC6D-49B5-898D-BB4C79A9F5D7}.AppStore|Any CPU.Deploy.0 = Release|Any CPU
		{6CBAD261-AC6D-49B5-898D-BB4C79A9F5D7}.AppStore|ARM.ActiveCfg = Release|Any CPU
		{6CBAD261-AC6D-49B5-898D-BB4C79A9F5D7}.AppStore|ARM.Build.0 = Release|Any CPU
		{6CBAD261-AC6D-49B5-898D-BB4C79A9F5D7}.AppStore|ARM.Deploy.0 = Release|Any CPU
		{6CBAD261-AC6D-49B5-898D-BB4C79A9F5D7}.AppStore|iPhone.ActiveCfg = Release|Any CPU
		{6CBAD261-AC6D-49B5-898D-BB4C79A9F5D7}.AppStore|iPhone.Build.0 = Release|Any CPU
		{6CBAD261-AC6D-49B5-898D-BB4C79A9F5D7}.AppStore|iPhone.Deploy.0 = Release|Any CPU
		{6CBAD261-AC6D-49B5-898D-BB4C79A9F5D7}.AppStore|iPhoneSimulator.ActiveCfg = Release|Any CPU
		{6CBAD261-AC6D-49B5-898D-BB4C79A9F5D7}.AppStore|iPhoneSimulator.Build.0 = Release|Any CPU
		{6CBAD261-AC6D-49B5-898D-BB4C79A9F5D7}.AppStore|iPhoneSimulator.Deploy.0 = Release|Any CPU
		{6CBAD261-AC6D-49B5-898D-BB4C79A9F5D7}.AppStore|x64.ActiveCfg = Release|Any CPU
		{6CBAD261-AC6D-49B5-898D-BB4C79A9F5D7}.AppStore|x64.Build.0 = Release|Any CPU
		{6CBAD261-AC6D-49B5-898D-BB4C79A9F5D7}.AppStore|x64.Deploy.0 = Release|Any CPU
		{6CBAD261-AC6D-49B5-898D-BB4C79A9F5D7}.AppStore|x86.ActiveCfg = Release|Any CPU
		{6CBAD261-AC6D-49B5-898D-BB4C79A9F5D7}.AppStore|x86.Build.0 = Release|Any CPU
		{6CBAD261-AC6D-49B5-898D-BB4C79A9F5D7}.AppStore|x86.Deploy.0 = Release|Any CPU
		{6CBAD261-AC6D-49B5-898D-BB4C79A9F5D7}.Debug|Any CPU.ActiveCfg = Debug|Any CPU
		{6CBAD261-AC6D-49B5-898D-BB4C79A9F5D7}.Debug|Any CPU.Build.0 = Debug|Any CPU
		{6CBAD261-AC6D-49B5-898D-BB4C79A9F5D7}.Debug|Any CPU.Deploy.0 = Debug|Any CPU
		{6CBAD261-AC6D-49B5-898D-BB4C79A9F5D7}.Debug|ARM.ActiveCfg = Debug|Any CPU
		{6CBAD261-AC6D-49B5-898D-BB4C79A9F5D7}.Debug|ARM.Build.0 = Debug|Any CPU
		{6CBAD261-AC6D-49B5-898D-BB4C79A9F5D7}.Debug|ARM.Deploy.0 = Debug|Any CPU
		{6CBAD261-AC6D-49B5-898D-BB4C79A9F5D7}.Debug|iPhone.ActiveCfg = Debug|Any CPU
		{6CBAD261-AC6D-49B5-898D-BB4C79A9F5D7}.Debug|iPhone.Build.0 = Debug|Any CPU
		{6CBAD261-AC6D-49B5-898D-BB4C79A9F5D7}.Debug|iPhone.Deploy.0 = Debug|Any CPU
		{6CBAD261-AC6D-49B5-898D-BB4C79A9F5D7}.Debug|iPhoneSimulator.ActiveCfg = Debug|Any CPU
		{6CBAD261-AC6D-49B5-898D-BB4C79A9F5D7}.Debug|iPhoneSimulator.Build.0 = Debug|Any CPU
		{6CBAD261-AC6D-49B5-898D-BB4C79A9F5D7}.Debug|iPhoneSimulator.Deploy.0 = Debug|Any CPU
		{6CBAD261-AC6D-49B5-898D-BB4C79A9F5D7}.Debug|x64.ActiveCfg = Debug|Any CPU
		{6CBAD261-AC6D-49B5-898D-BB4C79A9F5D7}.Debug|x64.Build.0 = Debug|Any CPU
		{6CBAD261-AC6D-49B5-898D-BB4C79A9F5D7}.Debug|x64.Deploy.0 = Debug|Any CPU
		{6CBAD261-AC6D-49B5-898D-BB4C79A9F5D7}.Debug|x86.ActiveCfg = Debug|Any CPU
		{6CBAD261-AC6D-49B5-898D-BB4C79A9F5D7}.Debug|x86.Build.0 = Debug|Any CPU
		{6CBAD261-AC6D-49B5-898D-BB4C79A9F5D7}.Debug|x86.Deploy.0 = Debug|Any CPU
		{6CBAD261-AC6D-49B5-898D-BB4C79A9F5D7}.Release|Any CPU.ActiveCfg = Release|Any CPU
		{6CBAD261-AC6D-49B5-898D-BB4C79A9F5D7}.Release|Any CPU.Build.0 = Release|Any CPU
		{6CBAD261-AC6D-49B5-898D-BB4C79A9F5D7}.Release|Any CPU.Deploy.0 = Release|Any CPU
		{6CBAD261-AC6D-49B5-898D-BB4C79A9F5D7}.Release|ARM.ActiveCfg = Release|Any CPU
		{6CBAD261-AC6D-49B5-898D-BB4C79A9F5D7}.Release|ARM.Build.0 = Release|Any CPU
		{6CBAD261-AC6D-49B5-898D-BB4C79A9F5D7}.Release|ARM.Deploy.0 = Release|Any CPU
		{6CBAD261-AC6D-49B5-898D-BB4C79A9F5D7}.Release|iPhone.ActiveCfg = Release|Any CPU
		{6CBAD261-AC6D-49B5-898D-BB4C79A9F5D7}.Release|iPhone.Build.0 = Release|Any CPU
		{6CBAD261-AC6D-49B5-898D-BB4C79A9F5D7}.Release|iPhone.Deploy.0 = Release|Any CPU
		{6CBAD261-AC6D-49B5-898D-BB4C79A9F5D7}.Release|iPhoneSimulator.ActiveCfg = Release|Any CPU
		{6CBAD261-AC6D-49B5-898D-BB4C79A9F5D7}.Release|iPhoneSimulator.Build.0 = Release|Any CPU
		{6CBAD261-AC6D-49B5-898D-BB4C79A9F5D7}.Release|iPhoneSimulator.Deploy.0 = Release|Any CPU
		{6CBAD261-AC6D-49B5-898D-BB4C79A9F5D7}.Release|x64.ActiveCfg = Release|Any CPU
		{6CBAD261-AC6D-49B5-898D-BB4C79A9F5D7}.Release|x64.Build.0 = Release|Any CPU
		{6CBAD261-AC6D-49B5-898D-BB4C79A9F5D7}.Release|x64.Deploy.0 = Release|Any CPU
		{6CBAD261-AC6D-49B5-898D-BB4C79A9F5D7}.Release|x86.ActiveCfg = Release|Any CPU
		{6CBAD261-AC6D-49B5-898D-BB4C79A9F5D7}.Release|x86.Build.0 = Release|Any CPU
		{6CBAD261-AC6D-49B5-898D-BB4C79A9F5D7}.Release|x86.Deploy.0 = Release|Any CPU
	EndGlobalSection
	GlobalSection(SolutionProperties) = preSolution
		HideSolutionNode = FALSE
	EndGlobalSection
	GlobalSection(ExtensibilityGlobals) = postSolution
		SolutionGuid = {6D1CE2B1-A0A1-47A2-A004-60A2D64BE066}
	EndGlobalSection
EndGlobal
