
Microsoft Visual Studio Solution File, Format Version 12.00
# Visual Studio 2012
Project("{FAE04EC0-301F-11D3-BF4B-00C04F79EFBC}") = "GooglePlayServices.Tests", "GooglePlayServices.Tests\GooglePlayServices.Tests.csproj", "{CCA263F0-8DAA-44F4-B5CE-C03F92FF7FAA}"
EndProject
Global
	GlobalSection(SolutionConfigurationPlatforms) = preSolution
		Debug|Any CPU = Debug|Any CPU
		Release|Any CPU = Release|Any CPU
	EndGlobalSection
	GlobalSection(ProjectConfigurationPlatforms) = postSolution
		{CCA263F0-8DAA-44F4-B5CE-C03F92FF7FAA}.Debug|Any CPU.ActiveCfg = Debug|Any CPU
		{CCA263F0-8DAA-44F4-B5CE-C03F92FF7FAA}.Debug|Any CPU.Build.0 = Debug|Any CPU
		{CCA263F0-8DAA-44F4-B5CE-C03F92FF7FAA}.Release|Any CPU.ActiveCfg = Release|Any CPU
		{CCA263F0-8DAA-44F4-B5CE-C03F92FF7FAA}.Release|Any CPU.Build.0 = Release|Any CPU
	EndGlobalSection
EndGlobal
