
Microsoft Visual Studio Solution File, Format Version 12.00
# Visual Studio 2012
Project("{FAE04EC0-301F-11D3-BF4B-00C04F79EFBC}") = "FirebaseMessagingQuickstart", "FirebaseMessagingQuickstart\FirebaseMessagingQuickstart.csproj", "{8DA9B5D6-9B2C-4432-B9DE-8EBDECEB3E53}"
EndProject
Project("{FAE04EC0-301F-11D3-BF4B-00C04F79EFBC}") = "FirebaseMessagingQuickstart.UITests", "FirebaseMessagingQuickstart.UITests\FirebaseMessagingQuickstart.UITests.csproj", "{EE524EE4-64BB-42C4-877B-FBCEAA29D3A4}"
EndProject
Global
	GlobalSection(SolutionConfigurationPlatforms) = preSolution
		Debug|Any CPU = Debug|Any CPU
		Release|Any CPU = Release|Any CPU
	EndGlobalSection
	GlobalSection(ProjectConfigurationPlatforms) = postSolution
		{8DA9B5D6-9B2C-4432-B9DE-8EBDECEB3E53}.Debug|Any CPU.ActiveCfg = Debug|Any CPU
		{8DA9B5D6-9B2C-4432-B9DE-8EBDECEB3E53}.Debug|Any CPU.Build.0 = Debug|Any CPU
		{8DA9B5D6-9B2C-4432-B9DE-8EBDECEB3E53}.Release|Any CPU.ActiveCfg = Release|Any CPU
		{8DA9B5D6-9B2C-4432-B9DE-8EBDECEB3E53}.Release|Any CPU.Build.0 = Release|Any CPU
		{EE524EE4-64BB-42C4-877B-FBCEAA29D3A4}.Debug|Any CPU.ActiveCfg = Debug|Any CPU
		{EE524EE4-64BB-42C4-877B-FBCEAA29D3A4}.Debug|Any CPU.Build.0 = Debug|Any CPU
		{EE524EE4-64BB-42C4-877B-FBCEAA29D3A4}.Release|Any CPU.ActiveCfg = Release|Any CPU
		{EE524EE4-64BB-42C4-877B-FBCEAA29D3A4}.Release|Any CPU.Build.0 = Release|Any CPU
	EndGlobalSection
EndGlobal
