
Microsoft Visual Studio Solution File, Format Version 12.00
# Visual Studio 15
Project("{FAE04EC0-301F-11D3-BF4B-00C04F79EFBC}") = "Model-Interpreter.Sample", "Model-Interpreter.Sample\Model-Interpreter.Sample.csproj", "{8F7D7FC0-9407-4CA4-9942-66DBE0F9C978}"
EndProject
Global
	GlobalSection(SolutionConfigurationPlatforms) = preSolution
		Debug|Any CPU = Debug|Any CPU
		Release|Any CPU = Release|Any CPU
	EndGlobalSection
	GlobalSection(ProjectConfigurationPlatforms) = postSolution
		{8F7D7FC0-9407-4CA4-9942-66DBE0F9C978}.Debug|Any CPU.ActiveCfg = Debug|Any CPU
		{8F7D7FC0-9407-4CA4-9942-66DBE0F9C978}.Debug|Any CPU.Build.0 = Debug|Any CPU
		{8F7D7FC0-9407-4CA4-9942-66DBE0F9C978}.Release|Any CPU.ActiveCfg = Release|Any CPU
		{8F7D7FC0-9407-4CA4-9942-66DBE0F9C978}.Release|Any CPU.Build.0 = Release|Any CPU
	EndGlobalSection
EndGlobal
