
Microsoft Visual Studio Solution File, Format Version 12.00
# Visual Studio 2012
Project("{FAE04EC0-301F-11D3-BF4B-00C04F79EFBC}") = "BasicSensorsApi", "BasicSensorsApi\BasicSensorsApi.csproj", "{0AADC66A-53FC-4479-BE7A-AB639925E0A5}"
EndProject
Project("{FAE04EC0-301F-11D3-BF4B-00C04F79EFBC}") = "BasicSensorsApi.UITests", "BasicSensorsApi.UITests\BasicSensorsApi.UITests.csproj", "{117B87C2-BDF4-4802-B028-3E496C188710}"
EndProject
Project("{FAE04EC0-301F-11D3-BF4B-00C04F79EFBC}") = "Base", "..\..\base\source\Base.csproj", "{3F6BAE25-ADEB-468C-8384-AD655623C341}"
EndProject
Project("{FAE04EC0-301F-11D3-BF4B-00C04F79EFBC}") = "Fitness", "..\source\Fitness.csproj", "{8900C5EF-1182-4E8B-88FE-596EC2DB379D}"
EndProject
Project("{FAE04EC0-301F-11D3-BF4B-00C04F79EFBC}") = "Location", "..\..\location\source\Location.csproj", "{F666DC89-9CE4-491C-8450-6FBC70298FA3}"
EndProject
Project("{FAE04EC0-301F-11D3-BF4B-00C04F79EFBC}") = "Maps", "..\..\maps\source\Maps.csproj", "{7CB92D61-E2FF-472A-9FDF-7E42D15B3EE6}"
EndProject
Project("{FAE04EC0-301F-11D3-BF4B-00C04F79EFBC}") = "Basement", "..\..\basement\source\Basement.csproj", "{6A38FACF-F0C5-4A49-8A8A-7CE6634207CE}"
EndProject
Project("{FAE04EC0-301F-11D3-BF4B-00C04F79EFBC}") = "Tasks", "..\..\tasks\source\Tasks.csproj", "{53F87D88-8871-41A2-9F81-B79AB02FEC24}"
EndProject
Project("{FAE04EC0-301F-11D3-BF4B-00C04F79EFBC}") = "Firebase-Common", "..\..\firebase-common\source\Firebase-Common.csproj", "{865652D3-8D1A-4779-92FC-4C54719286B7}"
EndProject
Global
	GlobalSection(SolutionConfigurationPlatforms) = preSolution
		Debug|Any CPU = Debug|Any CPU
		Release|Any CPU = Release|Any CPU
	EndGlobalSection
	GlobalSection(ProjectConfigurationPlatforms) = postSolution
		{0AADC66A-53FC-4479-BE7A-AB639925E0A5}.Debug|Any CPU.ActiveCfg = Debug|Any CPU
		{0AADC66A-53FC-4479-BE7A-AB639925E0A5}.Debug|Any CPU.Build.0 = Debug|Any CPU
		{0AADC66A-53FC-4479-BE7A-AB639925E0A5}.Release|Any CPU.ActiveCfg = Release|Any CPU
		{0AADC66A-53FC-4479-BE7A-AB639925E0A5}.Release|Any CPU.Build.0 = Release|Any CPU
		{117B87C2-BDF4-4802-B028-3E496C188710}.Debug|Any CPU.ActiveCfg = Debug|Any CPU
		{117B87C2-BDF4-4802-B028-3E496C188710}.Debug|Any CPU.Build.0 = Debug|Any CPU
		{117B87C2-BDF4-4802-B028-3E496C188710}.Release|Any CPU.ActiveCfg = Release|Any CPU
		{117B87C2-BDF4-4802-B028-3E496C188710}.Release|Any CPU.Build.0 = Release|Any CPU
		{3F6BAE25-ADEB-468C-8384-AD655623C341}.Debug|Any CPU.ActiveCfg = Debug|Any CPU
		{3F6BAE25-ADEB-468C-8384-AD655623C341}.Debug|Any CPU.Build.0 = Debug|Any CPU
		{3F6BAE25-ADEB-468C-8384-AD655623C341}.Release|Any CPU.ActiveCfg = Release|Any CPU
		{3F6BAE25-ADEB-468C-8384-AD655623C341}.Release|Any CPU.Build.0 = Release|Any CPU
		{6A38FACF-F0C5-4A49-8A8A-7CE6634207CE}.Debug|Any CPU.ActiveCfg = Debug|Any CPU
		{6A38FACF-F0C5-4A49-8A8A-7CE6634207CE}.Debug|Any CPU.Build.0 = Debug|Any CPU
		{6A38FACF-F0C5-4A49-8A8A-7CE6634207CE}.Release|Any CPU.ActiveCfg = Release|Any CPU
		{6A38FACF-F0C5-4A49-8A8A-7CE6634207CE}.Release|Any CPU.Build.0 = Release|Any CPU
		{7CB92D61-E2FF-472A-9FDF-7E42D15B3EE6}.Debug|Any CPU.ActiveCfg = Debug|Any CPU
		{7CB92D61-E2FF-472A-9FDF-7E42D15B3EE6}.Debug|Any CPU.Build.0 = Debug|Any CPU
		{7CB92D61-E2FF-472A-9FDF-7E42D15B3EE6}.Release|Any CPU.ActiveCfg = Release|Any CPU
		{7CB92D61-E2FF-472A-9FDF-7E42D15B3EE6}.Release|Any CPU.Build.0 = Release|Any CPU
		{8900C5EF-1182-4E8B-88FE-596EC2DB379D}.Debug|Any CPU.ActiveCfg = Debug|Any CPU
		{8900C5EF-1182-4E8B-88FE-596EC2DB379D}.Debug|Any CPU.Build.0 = Debug|Any CPU
		{8900C5EF-1182-4E8B-88FE-596EC2DB379D}.Release|Any CPU.ActiveCfg = Release|Any CPU
		{8900C5EF-1182-4E8B-88FE-596EC2DB379D}.Release|Any CPU.Build.0 = Release|Any CPU
		{F666DC89-9CE4-491C-8450-6FBC70298FA3}.Debug|Any CPU.ActiveCfg = Debug|Any CPU
		{F666DC89-9CE4-491C-8450-6FBC70298FA3}.Debug|Any CPU.Build.0 = Debug|Any CPU
		{F666DC89-9CE4-491C-8450-6FBC70298FA3}.Release|Any CPU.ActiveCfg = Release|Any CPU
		{F666DC89-9CE4-491C-8450-6FBC70298FA3}.Release|Any CPU.Build.0 = Release|Any CPU
		{53F87D88-8871-41A2-9F81-B79AB02FEC24}.Debug|Any CPU.ActiveCfg = Debug|Any CPU
		{53F87D88-8871-41A2-9F81-B79AB02FEC24}.Debug|Any CPU.Build.0 = Debug|Any CPU
		{53F87D88-8871-41A2-9F81-B79AB02FEC24}.Release|Any CPU.ActiveCfg = Release|Any CPU
		{53F87D88-8871-41A2-9F81-B79AB02FEC24}.Release|Any CPU.Build.0 = Release|Any CPU
		{865652D3-8D1A-4779-92FC-4C54719286B7}.Debug|Any CPU.ActiveCfg = Debug|Any CPU
		{865652D3-8D1A-4779-92FC-4C54719286B7}.Debug|Any CPU.Build.0 = Debug|Any CPU
		{865652D3-8D1A-4779-92FC-4C54719286B7}.Release|Any CPU.ActiveCfg = Release|Any CPU
		{865652D3-8D1A-4779-92FC-4C54719286B7}.Release|Any CPU.Build.0 = Release|Any CPU
	EndGlobalSection
EndGlobal
