
Microsoft Visual Studio Solution File, Format Version 12.00
# Visual Studio 2012
Project("{FAE04EC0-301F-11D3-BF4B-00C04F79EFBC}") = "PlusSample", "PlusSample\PlusSample.csproj", "{66CAC91C-813F-4FFE-A809-46D36FAAE8F4}"
EndProject
Project("{FAE04EC0-301F-11D3-BF4B-00C04F79EFBC}") = "PlusSample.UITests", "PlusSample.UITests\PlusSample.UITests.csproj", "{CC84F8DA-BA44-4388-B7C6-B10804BDFB96}"
EndProject
Global
	GlobalSection(SolutionConfigurationPlatforms) = preSolution
		Debug|Any CPU = Debug|Any CPU
		Release|Any CPU = Release|Any CPU
	EndGlobalSection
	GlobalSection(ProjectConfigurationPlatforms) = postSolution
		{66CAC91C-813F-4FFE-A809-46D36FAAE8F4}.Debug|Any CPU.ActiveCfg = Debug|Any CPU
		{66CAC91C-813F-4FFE-A809-46D36FAAE8F4}.Debug|Any CPU.Build.0 = Debug|Any CPU
		{66CAC91C-813F-4FFE-A809-46D36FAAE8F4}.Release|Any CPU.ActiveCfg = Release|Any CPU
		{66CAC91C-813F-4FFE-A809-46D36FAAE8F4}.Release|Any CPU.Build.0 = Release|Any CPU
		{CC84F8DA-BA44-4388-B7C6-B10804BDFB96}.Debug|Any CPU.ActiveCfg = Debug|Any CPU
		{CC84F8DA-BA44-4388-B7C6-B10804BDFB96}.Debug|Any CPU.Build.0 = Debug|Any CPU
		{CC84F8DA-BA44-4388-B7C6-B10804BDFB96}.Release|Any CPU.ActiveCfg = Release|Any CPU
		{CC84F8DA-BA44-4388-B7C6-B10804BDFB96}.Release|Any CPU.Build.0 = Release|Any CPU
	EndGlobalSection
EndGlobal
