
Microsoft Visual Studio Solution File, Format Version 12.00
# Visual Studio 2012
Project("{FAE04EC0-301F-11D3-BF4B-00C04F79EFBC}") = "Firebase-UI", "Firebase-UI.csproj", "{14A92B2F-3D8B-4FD3-9293-2DE11CE44E49}"
EndProject
Project("{FAE04EC0-301F-11D3-BF4B-00C04F79EFBC}") = "Firebase-Database", "..\..\firebase-database\source\Firebase-Database.csproj", "{B02737A0-890C-4921-83A5-D77CFB8A6899}"
EndProject
Project("{FAE04EC0-301F-11D3-BF4B-00C04F79EFBC}") = "Base", "..\..\base\source\Base.csproj", "{3F6BAE25-ADEB-468C-8384-AD655623C341}"
EndProject
Project("{FAE04EC0-301F-11D3-BF4B-00C04F79EFBC}") = "Basement", "..\..\basement\source\Basement.csproj", "{6A38FACF-F0C5-4A49-8A8A-7CE6634207CE}"
EndProject
Project("{FAE04EC0-301F-11D3-BF4B-00C04F79EFBC}") = "Firebase-Common", "..\..\firebase-common\source\Firebase-Common.csproj", "{865652D3-8D1A-4779-92FC-4C54719286B7}"
EndProject
Project("{FAE04EC0-301F-11D3-BF4B-00C04F79EFBC}") = "Firebase-Database-Connection", "..\..\firebase-database-connection\source\Firebase-Database-Connection.csproj", "{2858C3DB-1E15-4D12-AF09-02CFD624ADD4}"
EndProject
Project("{FAE04EC0-301F-11D3-BF4B-00C04F79EFBC}") = "Tasks", "..\..\tasks\source\Tasks.csproj", "{53F87D88-8871-41A2-9F81-B79AB02FEC24}"
EndProject
Global
	GlobalSection(SolutionConfigurationPlatforms) = preSolution
		Debug|Any CPU = Debug|Any CPU
		Release|Any CPU = Release|Any CPU
	EndGlobalSection
	GlobalSection(ProjectConfigurationPlatforms) = postSolution
		{14A92B2F-3D8B-4FD3-9293-2DE11CE44E49}.Debug|Any CPU.ActiveCfg = Debug|Any CPU
		{14A92B2F-3D8B-4FD3-9293-2DE11CE44E49}.Debug|Any CPU.Build.0 = Debug|Any CPU
		{14A92B2F-3D8B-4FD3-9293-2DE11CE44E49}.Release|Any CPU.ActiveCfg = Release|Any CPU
		{14A92B2F-3D8B-4FD3-9293-2DE11CE44E49}.Release|Any CPU.Build.0 = Release|Any CPU
		{B02737A0-890C-4921-83A5-D77CFB8A6899}.Debug|Any CPU.ActiveCfg = Debug|Any CPU
		{B02737A0-890C-4921-83A5-D77CFB8A6899}.Debug|Any CPU.Build.0 = Debug|Any CPU
		{B02737A0-890C-4921-83A5-D77CFB8A6899}.Release|Any CPU.ActiveCfg = Release|Any CPU
		{B02737A0-890C-4921-83A5-D77CFB8A6899}.Release|Any CPU.Build.0 = Release|Any CPU
		{3F6BAE25-ADEB-468C-8384-AD655623C341}.Debug|Any CPU.ActiveCfg = Debug|Any CPU
		{3F6BAE25-ADEB-468C-8384-AD655623C341}.Debug|Any CPU.Build.0 = Debug|Any CPU
		{3F6BAE25-ADEB-468C-8384-AD655623C341}.Release|Any CPU.ActiveCfg = Release|Any CPU
		{3F6BAE25-ADEB-468C-8384-AD655623C341}.Release|Any CPU.Build.0 = Release|Any CPU
		{6A38FACF-F0C5-4A49-8A8A-7CE6634207CE}.Debug|Any CPU.ActiveCfg = Debug|Any CPU
		{6A38FACF-F0C5-4A49-8A8A-7CE6634207CE}.Debug|Any CPU.Build.0 = Debug|Any CPU
		{6A38FACF-F0C5-4A49-8A8A-7CE6634207CE}.Release|Any CPU.ActiveCfg = Release|Any CPU
		{6A38FACF-F0C5-4A49-8A8A-7CE6634207CE}.Release|Any CPU.Build.0 = Release|Any CPU
		{865652D3-8D1A-4779-92FC-4C54719286B7}.Debug|Any CPU.ActiveCfg = Debug|Any CPU
		{865652D3-8D1A-4779-92FC-4C54719286B7}.Debug|Any CPU.Build.0 = Debug|Any CPU
		{865652D3-8D1A-4779-92FC-4C54719286B7}.Release|Any CPU.ActiveCfg = Release|Any CPU
		{865652D3-8D1A-4779-92FC-4C54719286B7}.Release|Any CPU.Build.0 = Release|Any CPU
		{2858C3DB-1E15-4D12-AF09-02CFD624ADD4}.Debug|Any CPU.ActiveCfg = Debug|Any CPU
		{2858C3DB-1E15-4D12-AF09-02CFD624ADD4}.Debug|Any CPU.Build.0 = Debug|Any CPU
		{2858C3DB-1E15-4D12-AF09-02CFD624ADD4}.Release|Any CPU.ActiveCfg = Release|Any CPU
		{2858C3DB-1E15-4D12-AF09-02CFD624ADD4}.Release|Any CPU.Build.0 = Release|Any CPU
		{53F87D88-8871-41A2-9F81-B79AB02FEC24}.Debug|Any CPU.ActiveCfg = Debug|Any CPU
		{53F87D88-8871-41A2-9F81-B79AB02FEC24}.Debug|Any CPU.Build.0 = Debug|Any CPU
		{53F87D88-8871-41A2-9F81-B79AB02FEC24}.Release|Any CPU.ActiveCfg = Release|Any CPU
		{53F87D88-8871-41A2-9F81-B79AB02FEC24}.Release|Any CPU.Build.0 = Release|Any CPU
	EndGlobalSection
EndGlobal
