
Microsoft Visual Studio Solution File, Format Version 12.00
# Visual Studio 2012
Project("{FAE04EC0-301F-11D3-BF4B-00C04F79EFBC}") = "FirebaseInvitesQuickstart.UITests", "FirebaseInvitesQuickstart.UITests\FirebaseInvitesQuickstart.UITests.csproj", "{325FAFCD-A286-4DB2-9D1B-BB3DC3674957}"
EndProject
Project("{FAE04EC0-301F-11D3-BF4B-00C04F79EFBC}") = "FirebaseInvitesQuickstart", "FirebaseInvitesQuickstart\FirebaseInvitesQuickstart.csproj", "{9DD2827E-7F79-49AC-A078-7CC2901A26EC}"
EndProject
Global
	GlobalSection(SolutionConfigurationPlatforms) = preSolution
		Debug|Any CPU = Debug|Any CPU
		Release|Any CPU = Release|Any CPU
	EndGlobalSection
	GlobalSection(ProjectConfigurationPlatforms) = postSolution
		{325FAFCD-A286-4DB2-9D1B-BB3DC3674957}.Debug|Any CPU.ActiveCfg = Debug|Any CPU
		{325FAFCD-A286-4DB2-9D1B-BB3DC3674957}.Debug|Any CPU.Build.0 = Debug|Any CPU
		{325FAFCD-A286-4DB2-9D1B-BB3DC3674957}.Release|Any CPU.ActiveCfg = Release|Any CPU
		{325FAFCD-A286-4DB2-9D1B-BB3DC3674957}.Release|Any CPU.Build.0 = Release|Any CPU
		{9DD2827E-7F79-49AC-A078-7CC2901A26EC}.Debug|Any CPU.ActiveCfg = Debug|Any CPU
		{9DD2827E-7F79-49AC-A078-7CC2901A26EC}.Debug|Any CPU.Build.0 = Debug|Any CPU
		{9DD2827E-7F79-49AC-A078-7CC2901A26EC}.Release|Any CPU.ActiveCfg = Release|Any CPU
		{9DD2827E-7F79-49AC-A078-7CC2901A26EC}.Release|Any CPU.Build.0 = Release|Any CPU
	EndGlobalSection
EndGlobal
