
Microsoft Visual Studio Solution File, Format Version 12.00
# Visual Studio 2012
Project("{FAE04EC0-301F-11D3-BF4B-00C04F79EFBC}") = "VisionSample", "VisionSample\VisionSample.csproj", "{A73B36CD-535C-45C6-8138-5DC6488EFA46}"
EndProject
Project("{FAE04EC0-301F-11D3-BF4B-00C04F79EFBC}") = "VisionSample.UITests", "VisionSample.UITests\VisionSample.UITests.csproj", "{A3F3BCA1-AE27-496A-AC27-46CB1195D5AD}"
EndProject
Project("{FAE04EC0-301F-11D3-BF4B-00C04F79EFBC}") = "Basement", "..\..\basement\source\Basement.csproj", "{6A38FACF-F0C5-4A49-8A8A-7CE6634207CE}"
EndProject
Project("{FAE04EC0-301F-11D3-BF4B-00C04F79EFBC}") = "Base", "..\..\base\source\Base.csproj", "{3F6BAE25-ADEB-468C-8384-AD655623C341}"
EndProject
Project("{FAE04EC0-301F-11D3-BF4B-00C04F79EFBC}") = "Vision", "..\source\Vision.csproj", "{72CC5E29-5EA5-40E3-98E4-87ED8AB75589}"
EndProject
Project("{FAE04EC0-301F-11D3-BF4B-00C04F79EFBC}") = "Tasks", "..\..\tasks\source\Tasks.csproj", "{53F87D88-8871-41A2-9F81-B79AB02FEC24}"
EndProject
Project("{FAE04EC0-301F-11D3-BF4B-00C04F79EFBC}") = "Firebase-Common", "..\..\firebase-common\source\Firebase-Common.csproj", "{865652D3-8D1A-4779-92FC-4C54719286B7}"
EndProject
Global
	GlobalSection(SolutionConfigurationPlatforms) = preSolution
		Debug|Any CPU = Debug|Any CPU
		Release|Any CPU = Release|Any CPU
	EndGlobalSection
	GlobalSection(ProjectConfigurationPlatforms) = postSolution
		{3F6BAE25-ADEB-468C-8384-AD655623C341}.Debug|Any CPU.ActiveCfg = Debug|Any CPU
		{3F6BAE25-ADEB-468C-8384-AD655623C341}.Debug|Any CPU.Build.0 = Debug|Any CPU
		{3F6BAE25-ADEB-468C-8384-AD655623C341}.Release|Any CPU.ActiveCfg = Release|Any CPU
		{3F6BAE25-ADEB-468C-8384-AD655623C341}.Release|Any CPU.Build.0 = Release|Any CPU
		{6A38FACF-F0C5-4A49-8A8A-7CE6634207CE}.Debug|Any CPU.ActiveCfg = Debug|Any CPU
		{6A38FACF-F0C5-4A49-8A8A-7CE6634207CE}.Debug|Any CPU.Build.0 = Debug|Any CPU
		{6A38FACF-F0C5-4A49-8A8A-7CE6634207CE}.Release|Any CPU.ActiveCfg = Release|Any CPU
		{6A38FACF-F0C5-4A49-8A8A-7CE6634207CE}.Release|Any CPU.Build.0 = Release|Any CPU
		{72CC5E29-5EA5-40E3-98E4-87ED8AB75589}.Debug|Any CPU.ActiveCfg = Debug|Any CPU
		{72CC5E29-5EA5-40E3-98E4-87ED8AB75589}.Debug|Any CPU.Build.0 = Debug|Any CPU
		{72CC5E29-5EA5-40E3-98E4-87ED8AB75589}.Release|Any CPU.ActiveCfg = Release|Any CPU
		{72CC5E29-5EA5-40E3-98E4-87ED8AB75589}.Release|Any CPU.Build.0 = Release|Any CPU
		{A3F3BCA1-AE27-496A-AC27-46CB1195D5AD}.Debug|Any CPU.ActiveCfg = Debug|Any CPU
		{A3F3BCA1-AE27-496A-AC27-46CB1195D5AD}.Debug|Any CPU.Build.0 = Debug|Any CPU
		{A3F3BCA1-AE27-496A-AC27-46CB1195D5AD}.Release|Any CPU.ActiveCfg = Release|Any CPU
		{A3F3BCA1-AE27-496A-AC27-46CB1195D5AD}.Release|Any CPU.Build.0 = Release|Any CPU
		{A73B36CD-535C-45C6-8138-5DC6488EFA46}.Debug|Any CPU.ActiveCfg = Debug|Any CPU
		{A73B36CD-535C-45C6-8138-5DC6488EFA46}.Debug|Any CPU.Build.0 = Debug|Any CPU
		{A73B36CD-535C-45C6-8138-5DC6488EFA46}.Release|Any CPU.ActiveCfg = Release|Any CPU
		{A73B36CD-535C-45C6-8138-5DC6488EFA46}.Release|Any CPU.Build.0 = Release|Any CPU
		{53F87D88-8871-41A2-9F81-B79AB02FEC24}.Debug|Any CPU.ActiveCfg = Debug|Any CPU
		{53F87D88-8871-41A2-9F81-B79AB02FEC24}.Debug|Any CPU.Build.0 = Debug|Any CPU
		{53F87D88-8871-41A2-9F81-B79AB02FEC24}.Release|Any CPU.ActiveCfg = Release|Any CPU
		{53F87D88-8871-41A2-9F81-B79AB02FEC24}.Release|Any CPU.Build.0 = Release|Any CPU
		{865652D3-8D1A-4779-92FC-4C54719286B7}.Debug|Any CPU.ActiveCfg = Debug|Any CPU
		{865652D3-8D1A-4779-92FC-4C54719286B7}.Debug|Any CPU.Build.0 = Debug|Any CPU
		{865652D3-8D1A-4779-92FC-4C54719286B7}.Release|Any CPU.ActiveCfg = Release|Any CPU
		{865652D3-8D1A-4779-92FC-4C54719286B7}.Release|Any CPU.Build.0 = Release|Any CPU
	EndGlobalSection
EndGlobal
