
Microsoft Visual Studio Solution File, Format Version 12.00
# Visual Studio 2012
Project("{FAE04EC0-301F-11D3-BF4B-00C04F79EFBC}") = "VisionSample", "VisionSample\VisionSample.csproj", "{A73B36CD-535C-45C6-8138-5DC6488EFA46}"
EndProject
Project("{FAE04EC0-301F-11D3-BF4B-00C04F79EFBC}") = "VisionSample.UITests", "VisionSample.UITests\VisionSample.UITests.csproj", "{A3F3BCA1-AE27-496A-AC27-46CB1195D5AD}"
EndProject
Global
	GlobalSection(SolutionConfigurationPlatforms) = preSolution
		Debug|Any CPU = Debug|Any CPU
		Release|Any CPU = Release|Any CPU
	EndGlobalSection
	GlobalSection(ProjectConfigurationPlatforms) = postSolution
		{A73B36CD-535C-45C6-8138-5DC6488EFA46}.Debug|Any CPU.ActiveCfg = Debug|Any CPU
		{A73B36CD-535C-45C6-8138-5DC6488EFA46}.Debug|Any CPU.Build.0 = Debug|Any CPU
		{A73B36CD-535C-45C6-8138-5DC6488EFA46}.Release|Any CPU.ActiveCfg = Release|Any CPU
		{A73B36CD-535C-45C6-8138-5DC6488EFA46}.Release|Any CPU.Build.0 = Release|Any CPU
		{A3F3BCA1-AE27-496A-AC27-46CB1195D5AD}.Debug|Any CPU.ActiveCfg = Debug|Any CPU
		{A3F3BCA1-AE27-496A-AC27-46CB1195D5AD}.Debug|Any CPU.Build.0 = Debug|Any CPU
		{A3F3BCA1-AE27-496A-AC27-46CB1195D5AD}.Release|Any CPU.ActiveCfg = Release|Any CPU
		{A3F3BCA1-AE27-496A-AC27-46CB1195D5AD}.Release|Any CPU.Build.0 = Release|Any CPU
	EndGlobalSection
EndGlobal
