
Microsoft Visual Studio Solution File, Format Version 12.00
# Visual Studio 15
Project("{FAE04EC0-301F-11D3-BF4B-00C04F79EFBC}") = "FirebaseCrashReportingQuickstart", "FirebaseCrashReportingQuickstart.csproj", "{76D81BCF-1EFB-4AD8-8A72-6491522A6086}"
EndProject
Global
	GlobalSection(SolutionConfigurationPlatforms) = preSolution
		Debug|Any CPU = Debug|Any CPU
		Release|Any CPU = Release|Any CPU
	EndGlobalSection
	GlobalSection(ProjectConfigurationPlatforms) = postSolution
		{76D81BCF-1EFB-4AD8-8A72-6491522A6086}.Debug|Any CPU.ActiveCfg = Debug|Any CPU
		{76D81BCF-1EFB-4AD8-8A72-6491522A6086}.Debug|Any CPU.Build.0 = Debug|Any CPU
		{76D81BCF-1EFB-4AD8-8A72-6491522A6086}.Release|Any CPU.ActiveCfg = Release|Any CPU
		{76D81BCF-1EFB-4AD8-8A72-6491522A6086}.Release|Any CPU.Build.0 = Release|Any CPU
	EndGlobalSection
EndGlobal
