
Microsoft Visual Studio Solution File, Format Version 12.00
# Visual Studio 2012
Project("{FAE04EC0-301F-11D3-BF4B-00C04F79EFBC}") = "FirebaseStorageQuickstart", "FirebaseStorageQuickstart\FirebaseStorageQuickstart.csproj", "{661950EE-078E-4629-AF4F-C670AF19EC46}"
EndProject
Project("{FAE04EC0-301F-11D3-BF4B-00C04F79EFBC}") = "FirebaseStorageQuickstart.UITests", "FirebaseStorageQuickstart.UITests\FirebaseStorageQuickstart.UITests.csproj", "{A2563445-8112-4278-B6B5-D00E94DB2BE5}"
EndProject
Global
	GlobalSection(SolutionConfigurationPlatforms) = preSolution
		Debug|Any CPU = Debug|Any CPU
		Release|Any CPU = Release|Any CPU
	EndGlobalSection
	GlobalSection(ProjectConfigurationPlatforms) = postSolution
		{661950EE-078E-4629-AF4F-C670AF19EC46}.Debug|Any CPU.ActiveCfg = Debug|Any CPU
		{661950EE-078E-4629-AF4F-C670AF19EC46}.Debug|Any CPU.Build.0 = Debug|Any CPU
		{661950EE-078E-4629-AF4F-C670AF19EC46}.Release|Any CPU.ActiveCfg = Release|Any CPU
		{661950EE-078E-4629-AF4F-C670AF19EC46}.Release|Any CPU.Build.0 = Release|Any CPU
		{A2563445-8112-4278-B6B5-D00E94DB2BE5}.Debug|Any CPU.ActiveCfg = Debug|Any CPU
		{A2563445-8112-4278-B6B5-D00E94DB2BE5}.Debug|Any CPU.Build.0 = Debug|Any CPU
		{A2563445-8112-4278-B6B5-D00E94DB2BE5}.Release|Any CPU.ActiveCfg = Release|Any CPU
		{A2563445-8112-4278-B6B5-D00E94DB2BE5}.Release|Any CPU.Build.0 = Release|Any CPU
	EndGlobalSection
EndGlobal
