
Microsoft Visual Studio Solution File, Format Version 12.00
# Visual Studio 2012
Project("{FAE04EC0-301F-11D3-BF4B-00C04F79EFBC}") = "GCMSample", "GCMSample\GCMSample.csproj", "{D16727E4-FD03-46F7-99C3-C1EC4D8F5016}"
EndProject
Project("{FAE04EC0-301F-11D3-BF4B-00C04F79EFBC}") = "GCMSample.UITests", "GCMSample.UITests\GCMSample.UITests.csproj", "{6DAB2FE2-2B82-4943-BB72-A7470418C09D}"
EndProject
Project("{FAE04EC0-301F-11D3-BF4B-00C04F79EFBC}") = "Gcm", "..\source\Gcm.csproj", "{1CE82D7E-9EA1-435F-AF8C-5E07AB917617}"
EndProject
Project("{FAE04EC0-301F-11D3-BF4B-00C04F79EFBC}") = "Base", "..\..\base\source\Base.csproj", "{3F6BAE25-ADEB-468C-8384-AD655623C341}"
EndProject
Project("{FAE04EC0-301F-11D3-BF4B-00C04F79EFBC}") = "Basement", "..\..\basement\source\Basement.csproj", "{6A38FACF-F0C5-4A49-8A8A-7CE6634207CE}"
EndProject
Project("{FAE04EC0-301F-11D3-BF4B-00C04F79EFBC}") = "Iid", "..\..\iid\source\Iid.csproj", "{9F7F996D-AF44-4947-8392-07B3ED2ED00D}"
EndProject
Project("{FAE04EC0-301F-11D3-BF4B-00C04F79EFBC}") = "Tasks", "..\..\tasks\source\Tasks.csproj", "{53F87D88-8871-41A2-9F81-B79AB02FEC24}"
EndProject
Global
	GlobalSection(SolutionConfigurationPlatforms) = preSolution
		Debug|Any CPU = Debug|Any CPU
		Release|Any CPU = Release|Any CPU
	EndGlobalSection
	GlobalSection(ProjectConfigurationPlatforms) = postSolution
		{1CE82D7E-9EA1-435F-AF8C-5E07AB917617}.Debug|Any CPU.ActiveCfg = Debug|Any CPU
		{1CE82D7E-9EA1-435F-AF8C-5E07AB917617}.Debug|Any CPU.Build.0 = Debug|Any CPU
		{1CE82D7E-9EA1-435F-AF8C-5E07AB917617}.Release|Any CPU.ActiveCfg = Release|Any CPU
		{1CE82D7E-9EA1-435F-AF8C-5E07AB917617}.Release|Any CPU.Build.0 = Release|Any CPU
		{3F6BAE25-ADEB-468C-8384-AD655623C341}.Debug|Any CPU.ActiveCfg = Debug|Any CPU
		{3F6BAE25-ADEB-468C-8384-AD655623C341}.Debug|Any CPU.Build.0 = Debug|Any CPU
		{3F6BAE25-ADEB-468C-8384-AD655623C341}.Release|Any CPU.ActiveCfg = Release|Any CPU
		{3F6BAE25-ADEB-468C-8384-AD655623C341}.Release|Any CPU.Build.0 = Release|Any CPU
		{6A38FACF-F0C5-4A49-8A8A-7CE6634207CE}.Debug|Any CPU.ActiveCfg = Debug|Any CPU
		{6A38FACF-F0C5-4A49-8A8A-7CE6634207CE}.Debug|Any CPU.Build.0 = Debug|Any CPU
		{6A38FACF-F0C5-4A49-8A8A-7CE6634207CE}.Release|Any CPU.ActiveCfg = Release|Any CPU
		{6A38FACF-F0C5-4A49-8A8A-7CE6634207CE}.Release|Any CPU.Build.0 = Release|Any CPU
		{6DAB2FE2-2B82-4943-BB72-A7470418C09D}.Debug|Any CPU.ActiveCfg = Debug|Any CPU
		{6DAB2FE2-2B82-4943-BB72-A7470418C09D}.Debug|Any CPU.Build.0 = Debug|Any CPU
		{6DAB2FE2-2B82-4943-BB72-A7470418C09D}.Release|Any CPU.ActiveCfg = Release|Any CPU
		{6DAB2FE2-2B82-4943-BB72-A7470418C09D}.Release|Any CPU.Build.0 = Release|Any CPU
		{D16727E4-FD03-46F7-99C3-C1EC4D8F5016}.Debug|Any CPU.ActiveCfg = Debug|Any CPU
		{D16727E4-FD03-46F7-99C3-C1EC4D8F5016}.Debug|Any CPU.Build.0 = Debug|Any CPU
		{D16727E4-FD03-46F7-99C3-C1EC4D8F5016}.Release|Any CPU.ActiveCfg = Release|Any CPU
		{D16727E4-FD03-46F7-99C3-C1EC4D8F5016}.Release|Any CPU.Build.0 = Release|Any CPU
		{9F7F996D-AF44-4947-8392-07B3ED2ED00D}.Debug|Any CPU.ActiveCfg = Debug|Any CPU
		{9F7F996D-AF44-4947-8392-07B3ED2ED00D}.Debug|Any CPU.Build.0 = Debug|Any CPU
		{9F7F996D-AF44-4947-8392-07B3ED2ED00D}.Release|Any CPU.ActiveCfg = Release|Any CPU
		{9F7F996D-AF44-4947-8392-07B3ED2ED00D}.Release|Any CPU.Build.0 = Release|Any CPU
		{53F87D88-8871-41A2-9F81-B79AB02FEC24}.Debug|Any CPU.ActiveCfg = Debug|Any CPU
		{53F87D88-8871-41A2-9F81-B79AB02FEC24}.Debug|Any CPU.Build.0 = Debug|Any CPU
		{53F87D88-8871-41A2-9F81-B79AB02FEC24}.Release|Any CPU.ActiveCfg = Release|Any CPU
		{53F87D88-8871-41A2-9F81-B79AB02FEC24}.Release|Any CPU.Build.0 = Release|Any CPU
	EndGlobalSection
EndGlobal
