
Microsoft Visual Studio Solution File, Format Version 12.00
# Visual Studio 15
VisualStudioVersion = 15.0.28307.271
MinimumVisualStudioVersion = 10.0.40219.1
Project("{FAE04EC0-301F-11D3-BF4B-00C04F79EFBC}") = "FirebasePerfTest.Android", "FirebasePerfTest.Android\FirebasePerfTest.Android.csproj", "{70581BBA-B324-42A4-97E1-3823A1183264}"
EndProject
Project("{FAE04EC0-301F-11D3-BF4B-00C04F79EFBC}") = "FirebasePerfTest", "FirebasePerfTest\FirebasePerfTest.csproj", "{0306F4E8-0664-4395-88B2-36441F35006D}"
EndProject
Global
	GlobalSection(SolutionConfigurationPlatforms) = preSolution
		Debug|Any CPU = Debug|Any CPU
		Release|Any CPU = Release|Any CPU
	EndGlobalSection
	GlobalSection(ProjectConfigurationPlatforms) = postSolution
		{70581BBA-B324-42A4-97E1-3823A1183264}.Debug|Any CPU.ActiveCfg = Debug|Any CPU
		{70581BBA-B324-42A4-97E1-3823A1183264}.Debug|Any CPU.Build.0 = Debug|Any CPU
		{70581BBA-B324-42A4-97E1-3823A1183264}.Debug|Any CPU.Deploy.0 = Debug|Any CPU
		{70581BBA-B324-42A4-97E1-3823A1183264}.Release|Any CPU.ActiveCfg = Release|Any CPU
		{70581BBA-B324-42A4-97E1-3823A1183264}.Release|Any CPU.Build.0 = Release|Any CPU
		{70581BBA-B324-42A4-97E1-3823A1183264}.Release|Any CPU.Deploy.0 = Release|Any CPU
		{0306F4E8-0664-4395-88B2-36441F35006D}.Debug|Any CPU.ActiveCfg = Debug|Any CPU
		{0306F4E8-0664-4395-88B2-36441F35006D}.Debug|Any CPU.Build.0 = Debug|Any CPU
		{0306F4E8-0664-4395-88B2-36441F35006D}.Debug|Any CPU.Deploy.0 = Debug|Any CPU
		{0306F4E8-0664-4395-88B2-36441F35006D}.Release|Any CPU.ActiveCfg = Release|Any CPU
		{0306F4E8-0664-4395-88B2-36441F35006D}.Release|Any CPU.Build.0 = Release|Any CPU
		{0306F4E8-0664-4395-88B2-36441F35006D}.Release|Any CPU.Deploy.0 = Release|Any CPU
	EndGlobalSection
	GlobalSection(SolutionProperties) = preSolution
		HideSolutionNode = FALSE
	EndGlobalSection
	GlobalSection(ExtensibilityGlobals) = postSolution
		SolutionGuid = {E37824B8-14BE-4E41-8EF1-1C3B7E26E52A}
	EndGlobalSection
EndGlobal
