
Microsoft Visual Studio Solution File, Format Version 12.00
# Visual Studio 2012
Project("{FAE04EC0-301F-11D3-BF4B-00C04F79EFBC}") = "FirebaseConfigQuickstart", "FirebaseConfigQuickstart\FirebaseConfigQuickstart.csproj", "{2D0CDDEA-48B2-4F3A-BF1B-1F33DD355A03}"
EndProject
Project("{FAE04EC0-301F-11D3-BF4B-00C04F79EFBC}") = "FirebaseConfigQuickstart.UITests", "FirebaseConfigQuickstart.UITests\FirebaseConfigQuickstart.UITests.csproj", "{AC25FFCD-F756-4214-B921-E805DEB4D4C5}"
EndProject
Global
	GlobalSection(SolutionConfigurationPlatforms) = preSolution
		Debug|Any CPU = Debug|Any CPU
		Release|Any CPU = Release|Any CPU
	EndGlobalSection
	GlobalSection(ProjectConfigurationPlatforms) = postSolution
		{2D0CDDEA-48B2-4F3A-BF1B-1F33DD355A03}.Debug|Any CPU.ActiveCfg = Debug|Any CPU
		{2D0CDDEA-48B2-4F3A-BF1B-1F33DD355A03}.Debug|Any CPU.Build.0 = Debug|Any CPU
		{2D0CDDEA-48B2-4F3A-BF1B-1F33DD355A03}.Release|Any CPU.ActiveCfg = Release|Any CPU
		{2D0CDDEA-48B2-4F3A-BF1B-1F33DD355A03}.Release|Any CPU.Build.0 = Release|Any CPU
		{AC25FFCD-F756-4214-B921-E805DEB4D4C5}.Debug|Any CPU.ActiveCfg = Debug|Any CPU
		{AC25FFCD-F756-4214-B921-E805DEB4D4C5}.Debug|Any CPU.Build.0 = Debug|Any CPU
		{AC25FFCD-F756-4214-B921-E805DEB4D4C5}.Release|Any CPU.ActiveCfg = Release|Any CPU
		{AC25FFCD-F756-4214-B921-E805DEB4D4C5}.Release|Any CPU.Build.0 = Release|Any CPU
	EndGlobalSection
EndGlobal
