
Microsoft Visual Studio Solution File, Format Version 12.00
# Visual Studio 2012
Project("{FAE04EC0-301F-11D3-BF4B-00C04F79EFBC}") = "LocationSample", "LocationSample\LocationSample.csproj", "{932C429C-CDF8-4AE8-82D0-54756054EA1E}"
EndProject
Project("{FAE04EC0-301F-11D3-BF4B-00C04F79EFBC}") = "LocationSample.UITests", "LocationSample.UITests\LocationSample.UITests.csproj", "{50E0F240-5771-47BC-B6EF-AB1BBD205105}"
EndProject
Project("{FAE04EC0-301F-11D3-BF4B-00C04F79EFBC}") = "Basement", "..\..\basement\source\Basement.csproj", "{6A38FACF-F0C5-4A49-8A8A-7CE6634207CE}"
EndProject
Project("{FAE04EC0-301F-11D3-BF4B-00C04F79EFBC}") = "Base", "..\..\base\source\Base.csproj", "{3F6BAE25-ADEB-468C-8384-AD655623C341}"
EndProject
Project("{FAE04EC0-301F-11D3-BF4B-00C04F79EFBC}") = "Location", "..\source\Location.csproj", "{F666DC89-9CE4-491C-8450-6FBC70298FA3}"
EndProject
Project("{FAE04EC0-301F-11D3-BF4B-00C04F79EFBC}") = "Tasks", "..\..\tasks\source\Tasks.csproj", "{53F87D88-8871-41A2-9F81-B79AB02FEC24}"
EndProject
Project("{FAE04EC0-301F-11D3-BF4B-00C04F79EFBC}") = "Places-PlaceReport", "..\..\places-placereport\source\Places-PlaceReport.csproj", "{D2A2F9D7-84FB-4829-AEDA-C5B0F806E8A6}"
EndProject
Global
	GlobalSection(SolutionConfigurationPlatforms) = preSolution
		Debug|Any CPU = Debug|Any CPU
		Release|Any CPU = Release|Any CPU
	EndGlobalSection
	GlobalSection(ProjectConfigurationPlatforms) = postSolution
		{3F6BAE25-ADEB-468C-8384-AD655623C341}.Debug|Any CPU.ActiveCfg = Debug|Any CPU
		{3F6BAE25-ADEB-468C-8384-AD655623C341}.Debug|Any CPU.Build.0 = Debug|Any CPU
		{3F6BAE25-ADEB-468C-8384-AD655623C341}.Release|Any CPU.ActiveCfg = Release|Any CPU
		{3F6BAE25-ADEB-468C-8384-AD655623C341}.Release|Any CPU.Build.0 = Release|Any CPU
		{50E0F240-5771-47BC-B6EF-AB1BBD205105}.Debug|Any CPU.ActiveCfg = Debug|Any CPU
		{50E0F240-5771-47BC-B6EF-AB1BBD205105}.Debug|Any CPU.Build.0 = Debug|Any CPU
		{50E0F240-5771-47BC-B6EF-AB1BBD205105}.Release|Any CPU.ActiveCfg = Release|Any CPU
		{50E0F240-5771-47BC-B6EF-AB1BBD205105}.Release|Any CPU.Build.0 = Release|Any CPU
		{6A38FACF-F0C5-4A49-8A8A-7CE6634207CE}.Debug|Any CPU.ActiveCfg = Debug|Any CPU
		{6A38FACF-F0C5-4A49-8A8A-7CE6634207CE}.Debug|Any CPU.Build.0 = Debug|Any CPU
		{6A38FACF-F0C5-4A49-8A8A-7CE6634207CE}.Release|Any CPU.ActiveCfg = Release|Any CPU
		{6A38FACF-F0C5-4A49-8A8A-7CE6634207CE}.Release|Any CPU.Build.0 = Release|Any CPU
		{932C429C-CDF8-4AE8-82D0-54756054EA1E}.Debug|Any CPU.ActiveCfg = Debug|Any CPU
		{932C429C-CDF8-4AE8-82D0-54756054EA1E}.Debug|Any CPU.Build.0 = Debug|Any CPU
		{932C429C-CDF8-4AE8-82D0-54756054EA1E}.Release|Any CPU.ActiveCfg = Release|Any CPU
		{932C429C-CDF8-4AE8-82D0-54756054EA1E}.Release|Any CPU.Build.0 = Release|Any CPU
		{F666DC89-9CE4-491C-8450-6FBC70298FA3}.Debug|Any CPU.ActiveCfg = Debug|Any CPU
		{F666DC89-9CE4-491C-8450-6FBC70298FA3}.Debug|Any CPU.Build.0 = Debug|Any CPU
		{F666DC89-9CE4-491C-8450-6FBC70298FA3}.Release|Any CPU.ActiveCfg = Release|Any CPU
		{F666DC89-9CE4-491C-8450-6FBC70298FA3}.Release|Any CPU.Build.0 = Release|Any CPU
		{53F87D88-8871-41A2-9F81-B79AB02FEC24}.Debug|Any CPU.ActiveCfg = Debug|Any CPU
		{53F87D88-8871-41A2-9F81-B79AB02FEC24}.Debug|Any CPU.Build.0 = Debug|Any CPU
		{53F87D88-8871-41A2-9F81-B79AB02FEC24}.Release|Any CPU.ActiveCfg = Release|Any CPU
		{53F87D88-8871-41A2-9F81-B79AB02FEC24}.Release|Any CPU.Build.0 = Release|Any CPU
		{D2A2F9D7-84FB-4829-AEDA-C5B0F806E8A6}.Debug|Any CPU.ActiveCfg = Debug|Any CPU
		{D2A2F9D7-84FB-4829-AEDA-C5B0F806E8A6}.Debug|Any CPU.Build.0 = Debug|Any CPU
		{D2A2F9D7-84FB-4829-AEDA-C5B0F806E8A6}.Release|Any CPU.ActiveCfg = Release|Any CPU
		{D2A2F9D7-84FB-4829-AEDA-C5B0F806E8A6}.Release|Any CPU.Build.0 = Release|Any CPU
	EndGlobalSection
EndGlobal
