
Microsoft Visual Studio Solution File, Format Version 12.00
# Visual Studio 2012
Project("{FAE04EC0-301F-11D3-BF4B-00C04F79EFBC}") = "SafetyNetSample", "SafetyNetSample\SafetyNetSample.csproj", "{D6472554-E92E-4947-B072-2BF0F65E77C9}"
EndProject
Project("{FAE04EC0-301F-11D3-BF4B-00C04F79EFBC}") = "SafetyNetSample.UITests", "SafetyNetSample.UITests\SafetyNetSample.UITests.csproj", "{A8038ACA-20B9-445B-A61C-0220F14069F8}"
EndProject
Global
	GlobalSection(SolutionConfigurationPlatforms) = preSolution
		Debug|Any CPU = Debug|Any CPU
		Release|Any CPU = Release|Any CPU
	EndGlobalSection
	GlobalSection(ProjectConfigurationPlatforms) = postSolution
		{D6472554-E92E-4947-B072-2BF0F65E77C9}.Debug|Any CPU.ActiveCfg = Debug|Any CPU
		{D6472554-E92E-4947-B072-2BF0F65E77C9}.Debug|Any CPU.Build.0 = Debug|Any CPU
		{D6472554-E92E-4947-B072-2BF0F65E77C9}.Release|Any CPU.ActiveCfg = Release|Any CPU
		{D6472554-E92E-4947-B072-2BF0F65E77C9}.Release|Any CPU.Build.0 = Release|Any CPU
		{A8038ACA-20B9-445B-A61C-0220F14069F8}.Debug|Any CPU.ActiveCfg = Debug|Any CPU
		{A8038ACA-20B9-445B-A61C-0220F14069F8}.Debug|Any CPU.Build.0 = Debug|Any CPU
		{A8038ACA-20B9-445B-A61C-0220F14069F8}.Release|Any CPU.ActiveCfg = Release|Any CPU
		{A8038ACA-20B9-445B-A61C-0220F14069F8}.Release|Any CPU.Build.0 = Release|Any CPU
	EndGlobalSection
EndGlobal
