
Microsoft Visual Studio Solution File, Format Version 12.00
# Visual Studio 2012
Project("{FAE04EC0-301F-11D3-BF4B-00C04F79EFBC}") = "MapsSample", "MapsSample\MapsSample.csproj", "{8F7D2AC9-C3BB-4698-886C-610A582691E4}"
EndProject
Global
	GlobalSection(SolutionConfigurationPlatforms) = preSolution
		Debug|Any CPU = Debug|Any CPU
		Release|Any CPU = Release|Any CPU
	EndGlobalSection
	GlobalSection(ProjectConfigurationPlatforms) = postSolution
		{8F7D2AC9-C3BB-4698-886C-610A582691E4}.Debug|Any CPU.ActiveCfg = Debug|Any CPU
		{8F7D2AC9-C3BB-4698-886C-610A582691E4}.Debug|Any CPU.Build.0 = Debug|Any CPU
		{8F7D2AC9-C3BB-4698-886C-610A582691E4}.Release|Any CPU.ActiveCfg = Release|Any CPU
		{8F7D2AC9-C3BB-4698-886C-610A582691E4}.Release|Any CPU.Build.0 = Release|Any CPU
	EndGlobalSection
EndGlobal
