
Microsoft Visual Studio Solution File, Format Version 12.00
# Visual Studio 2012
Project("{FAE04EC0-301F-11D3-BF4B-00C04F79EFBC}") = "FirebaseAnalyticsQuickstart", "FirebaseAnalyticsQuickstart\FirebaseAnalyticsQuickstart.csproj", "{64ADFD05-882E-41D9-B045-935CD0D08CD4}"
EndProject
Project("{FAE04EC0-301F-11D3-BF4B-00C04F79EFBC}") = "Basement", "..\..\basement\source\Basement.csproj", "{6A38FACF-F0C5-4A49-8A8A-7CE6634207CE}"
EndProject
Project("{FAE04EC0-301F-11D3-BF4B-00C04F79EFBC}") = "Firebase-Common", "..\..\firebase-common\source\Firebase-Common.csproj", "{865652D3-8D1A-4779-92FC-4C54719286B7}"
EndProject
Project("{FAE04EC0-301F-11D3-BF4B-00C04F79EFBC}") = "Firebase-Analytics-Impl", "..\..\firebase-analytics-impl\source\Firebase-Analytics-Impl.csproj", "{CFB0A03A-F787-4EE9-9EA6-8A2A65E82704}"
EndProject
Project("{FAE04EC0-301F-11D3-BF4B-00C04F79EFBC}") = "Firebase-Analytics", "..\source\Firebase-Analytics.csproj", "{DC5BEB52-1715-4E53-88EF-2D4F1708E394}"
EndProject
Project("{FAE04EC0-301F-11D3-BF4B-00C04F79EFBC}") = "Basement-BuildTasks", "..\..\basement\buildtasks\Basement-BuildTasks.csproj", "{21D99A15-AB98-4691-A45B-D236B2A91DEB}"
EndProject
Project("{FAE04EC0-301F-11D3-BF4B-00C04F79EFBC}") = "Tasks", "..\..\tasks\source\Tasks.csproj", "{53F87D88-8871-41A2-9F81-B79AB02FEC24}"
EndProject
Project("{FAE04EC0-301F-11D3-BF4B-00C04F79EFBC}") = "Base", "..\..\base\source\Base.csproj", "{3F6BAE25-ADEB-468C-8384-AD655623C341}"
EndProject
Global
	GlobalSection(SolutionConfigurationPlatforms) = preSolution
		Debug|Any CPU = Debug|Any CPU
		Release|Any CPU = Release|Any CPU
	EndGlobalSection
	GlobalSection(ProjectConfigurationPlatforms) = postSolution
		{64ADFD05-882E-41D9-B045-935CD0D08CD4}.Debug|Any CPU.ActiveCfg = Debug|Any CPU
		{64ADFD05-882E-41D9-B045-935CD0D08CD4}.Debug|Any CPU.Build.0 = Debug|Any CPU
		{64ADFD05-882E-41D9-B045-935CD0D08CD4}.Release|Any CPU.ActiveCfg = Release|Any CPU
		{64ADFD05-882E-41D9-B045-935CD0D08CD4}.Release|Any CPU.Build.0 = Release|Any CPU
		{6A38FACF-F0C5-4A49-8A8A-7CE6634207CE}.Debug|Any CPU.ActiveCfg = Debug|Any CPU
		{6A38FACF-F0C5-4A49-8A8A-7CE6634207CE}.Debug|Any CPU.Build.0 = Debug|Any CPU
		{6A38FACF-F0C5-4A49-8A8A-7CE6634207CE}.Release|Any CPU.ActiveCfg = Release|Any CPU
		{6A38FACF-F0C5-4A49-8A8A-7CE6634207CE}.Release|Any CPU.Build.0 = Release|Any CPU
		{865652D3-8D1A-4779-92FC-4C54719286B7}.Debug|Any CPU.ActiveCfg = Debug|Any CPU
		{865652D3-8D1A-4779-92FC-4C54719286B7}.Debug|Any CPU.Build.0 = Debug|Any CPU
		{865652D3-8D1A-4779-92FC-4C54719286B7}.Release|Any CPU.ActiveCfg = Release|Any CPU
		{865652D3-8D1A-4779-92FC-4C54719286B7}.Release|Any CPU.Build.0 = Release|Any CPU
		{CFB0A03A-F787-4EE9-9EA6-8A2A65E82704}.Debug|Any CPU.ActiveCfg = Debug|Any CPU
		{CFB0A03A-F787-4EE9-9EA6-8A2A65E82704}.Debug|Any CPU.Build.0 = Debug|Any CPU
		{CFB0A03A-F787-4EE9-9EA6-8A2A65E82704}.Release|Any CPU.ActiveCfg = Release|Any CPU
		{CFB0A03A-F787-4EE9-9EA6-8A2A65E82704}.Release|Any CPU.Build.0 = Release|Any CPU
		{DC5BEB52-1715-4E53-88EF-2D4F1708E394}.Debug|Any CPU.ActiveCfg = Debug|Any CPU
		{DC5BEB52-1715-4E53-88EF-2D4F1708E394}.Debug|Any CPU.Build.0 = Debug|Any CPU
		{DC5BEB52-1715-4E53-88EF-2D4F1708E394}.Release|Any CPU.ActiveCfg = Release|Any CPU
		{DC5BEB52-1715-4E53-88EF-2D4F1708E394}.Release|Any CPU.Build.0 = Release|Any CPU
		{21D99A15-AB98-4691-A45B-D236B2A91DEB}.Debug|Any CPU.ActiveCfg = Debug|Any CPU
		{21D99A15-AB98-4691-A45B-D236B2A91DEB}.Debug|Any CPU.Build.0 = Debug|Any CPU
		{21D99A15-AB98-4691-A45B-D236B2A91DEB}.Release|Any CPU.ActiveCfg = Release|Any CPU
		{21D99A15-AB98-4691-A45B-D236B2A91DEB}.Release|Any CPU.Build.0 = Release|Any CPU
		{53F87D88-8871-41A2-9F81-B79AB02FEC24}.Debug|Any CPU.ActiveCfg = Debug|Any CPU
		{53F87D88-8871-41A2-9F81-B79AB02FEC24}.Debug|Any CPU.Build.0 = Debug|Any CPU
		{53F87D88-8871-41A2-9F81-B79AB02FEC24}.Release|Any CPU.ActiveCfg = Release|Any CPU
		{53F87D88-8871-41A2-9F81-B79AB02FEC24}.Release|Any CPU.Build.0 = Release|Any CPU
		{3F6BAE25-ADEB-468C-8384-AD655623C341}.Debug|Any CPU.ActiveCfg = Debug|Any CPU
		{3F6BAE25-ADEB-468C-8384-AD655623C341}.Debug|Any CPU.Build.0 = Debug|Any CPU
		{3F6BAE25-ADEB-468C-8384-AD655623C341}.Release|Any CPU.ActiveCfg = Release|Any CPU
		{3F6BAE25-ADEB-468C-8384-AD655623C341}.Release|Any CPU.Build.0 = Release|Any CPU
	EndGlobalSection
EndGlobal
