
Microsoft Visual Studio Solution File, Format Version 12.00
# Visual Studio Version 16
VisualStudioVersion = 16.0.28606.126
MinimumVisualStudioVersion = 10.0.40219.1
Project("{9A19103F-16F7-4668-BE54-9A1E7A4F7556}") = "BuildAllDotNet", "BuildAllDotNet\BuildAllDotNet.csproj", "{7CA41D33-5A33-4968-AEBD-9A76B7E83BB7}"
EndProject
Global
	GlobalSection(SolutionConfigurationPlatforms) = preSolution
		Debug|Any CPU = Debug|Any CPU
		Release|Any CPU = Release|Any CPU
	EndGlobalSection
	GlobalSection(ProjectConfigurationPlatforms) = postSolution
		{7CA41D33-5A33-4968-AEBD-9A76B7E83BB7}.Debug|Any CPU.ActiveCfg = Debug|Any CPU
		{7CA41D33-5A33-4968-AEBD-9A76B7E83BB7}.Debug|Any CPU.Build.0 = Debug|Any CPU
		{7CA41D33-5A33-4968-AEBD-9A76B7E83BB7}.Debug|Any CPU.Deploy.0 = Debug|Any CPU
		{7CA41D33-5A33-4968-AEBD-9A76B7E83BB7}.Release|Any CPU.ActiveCfg = Release|Any CPU
		{7CA41D33-5A33-4968-AEBD-9A76B7E83BB7}.Release|Any CPU.Build.0 = Release|Any CPU
		{7CA41D33-5A33-4968-AEBD-9A76B7E83BB7}.Release|Any CPU.Deploy.0 = Release|Any CPU
	EndGlobalSection
	GlobalSection(SolutionProperties) = preSolution
		HideSolutionNode = FALSE
	EndGlobalSection
	GlobalSection(ExtensibilityGlobals) = postSolution
		SolutionGuid = {47AA0B75-DCFB-4D55-AFC5-DB072FDDCCB1}
	EndGlobalSection
EndGlobal
